
Microsoft Visual Studio Solution File, Format Version 12.00
# Visual Studio 14
VisualStudioVersion = 14.0.25123.0
MinimumVisualStudioVersion = 10.0.40219.1
Project("{FAE04EC0-301F-11D3-BF4B-00C04F79EFBC}") = "Backend", "Backend\Backend.csproj", "{C5C79D3C-7303-499F-930A-9C89E09D3737}"
EndProject
Project("{FAE04EC0-301F-11D3-BF4B-00C04F79EFBC}") = "XamarinTodo", "XamarinTodo\XamarinTodo\XamarinTodo.csproj", "{D52E2CDE-69BA-4670-8E92-6B86135772C8}"
EndProject
Project("{FAE04EC0-301F-11D3-BF4B-00C04F79EFBC}") = "XamarinTodo.Droid", "XamarinTodo\XamarinTodo.Droid\XamarinTodo.Droid.csproj", "{ABE72732-905D-4305-9FF8-87CF0FEF5EE0}"
EndProject
Project("{FAE04EC0-301F-11D3-BF4B-00C04F79EFBC}") = "XamarinTodo.iOS", "XamarinTodo\XamarinTodo.iOS\XamarinTodo.iOS.csproj", "{DF1F5D75-26ED-40EF-8A17-E37FFDD7FB37}"
EndProject
Project("{FAE04EC0-301F-11D3-BF4B-00C04F79EFBC}") = "XamarinTodo.UWP", "XamarinTodo\XamarinTodo.UWP\XamarinTodo.UWP.csproj", "{4878FBBF-0B0E-47A7-B58E-6EA9D2933866}"
EndProject
Global
	GlobalSection(SolutionConfigurationPlatforms) = preSolution
		Ad-Hoc|Any CPU = Ad-Hoc|Any CPU
		Ad-Hoc|ARM = Ad-Hoc|ARM
		Ad-Hoc|iPhone = Ad-Hoc|iPhone
		Ad-Hoc|iPhoneSimulator = Ad-Hoc|iPhoneSimulator
		Ad-Hoc|x64 = Ad-Hoc|x64
		Ad-Hoc|x86 = Ad-Hoc|x86
		AppStore|Any CPU = AppStore|Any CPU
		AppStore|ARM = AppStore|ARM
		AppStore|iPhone = AppStore|iPhone
		AppStore|iPhoneSimulator = AppStore|iPhoneSimulator
		AppStore|x64 = AppStore|x64
		AppStore|x86 = AppStore|x86
		Debug|Any CPU = Debug|Any CPU
		Debug|ARM = Debug|ARM
		Debug|iPhone = Debug|iPhone
		Debug|iPhoneSimulator = Debug|iPhoneSimulator
		Debug|x64 = Debug|x64
		Debug|x86 = Debug|x86
		Release|Any CPU = Release|Any CPU
		Release|ARM = Release|ARM
		Release|iPhone = Release|iPhone
		Release|iPhoneSimulator = Release|iPhoneSimulator
		Release|x64 = Release|x64
		Release|x86 = Release|x86
	EndGlobalSection
	GlobalSection(ProjectConfigurationPlatforms) = postSolution
		{C5C79D3C-7303-499F-930A-9C89E09D3737}.Ad-Hoc|Any CPU.ActiveCfg = Release|Any CPU
		{C5C79D3C-7303-499F-930A-9C89E09D3737}.Ad-Hoc|Any CPU.Build.0 = Release|Any CPU
		{C5C79D3C-7303-499F-930A-9C89E09D3737}.Ad-Hoc|ARM.ActiveCfg = Release|Any CPU
		{C5C79D3C-7303-499F-930A-9C89E09D3737}.Ad-Hoc|ARM.Build.0 = Release|Any CPU
		{C5C79D3C-7303-499F-930A-9C89E09D3737}.Ad-Hoc|iPhone.ActiveCfg = Release|Any CPU
		{C5C79D3C-7303-499F-930A-9C89E09D3737}.Ad-Hoc|iPhone.Build.0 = Release|Any CPU
		{C5C79D3C-7303-499F-930A-9C89E09D3737}.Ad-Hoc|iPhoneSimulator.ActiveCfg = Release|Any CPU
		{C5C79D3C-7303-499F-930A-9C89E09D3737}.Ad-Hoc|iPhoneSimulator.Build.0 = Release|Any CPU
		{C5C79D3C-7303-499F-930A-9C89E09D3737}.Ad-Hoc|x64.ActiveCfg = Release|Any CPU
		{C5C79D3C-7303-499F-930A-9C89E09D3737}.Ad-Hoc|x64.Build.0 = Release|Any CPU
		{C5C79D3C-7303-499F-930A-9C89E09D3737}.Ad-Hoc|x86.ActiveCfg = Release|Any CPU
		{C5C79D3C-7303-499F-930A-9C89E09D3737}.Ad-Hoc|x86.Build.0 = Release|Any CPU
		{C5C79D3C-7303-499F-930A-9C89E09D3737}.AppStore|Any CPU.ActiveCfg = Release|Any CPU
		{C5C79D3C-7303-499F-930A-9C89E09D3737}.AppStore|Any CPU.Build.0 = Release|Any CPU
		{C5C79D3C-7303-499F-930A-9C89E09D3737}.AppStore|ARM.ActiveCfg = Release|Any CPU
		{C5C79D3C-7303-499F-930A-9C89E09D3737}.AppStore|ARM.Build.0 = Release|Any CPU
		{C5C79D3C-7303-499F-930A-9C89E09D3737}.AppStore|iPhone.ActiveCfg = Release|Any CPU
		{C5C79D3C-7303-499F-930A-9C89E09D3737}.AppStore|iPhone.Build.0 = Release|Any CPU
		{C5C79D3C-7303-499F-930A-9C89E09D3737}.AppStore|iPhoneSimulator.ActiveCfg = Release|Any CPU
		{C5C79D3C-7303-499F-930A-9C89E09D3737}.AppStore|iPhoneSimulator.Build.0 = Release|Any CPU
		{C5C79D3C-7303-499F-930A-9C89E09D3737}.AppStore|x64.ActiveCfg = Release|Any CPU
		{C5C79D3C-7303-499F-930A-9C89E09D3737}.AppStore|x64.Build.0 = Release|Any CPU
		{C5C79D3C-7303-499F-930A-9C89E09D3737}.AppStore|x86.ActiveCfg = Release|Any CPU
		{C5C79D3C-7303-499F-930A-9C89E09D3737}.AppStore|x86.Build.0 = Release|Any CPU
		{C5C79D3C-7303-499F-930A-9C89E09D3737}.Debug|Any CPU.ActiveCfg = Debug|Any CPU
		{C5C79D3C-7303-499F-930A-9C89E09D3737}.Debug|ARM.ActiveCfg = Debug|Any CPU
		{C5C79D3C-7303-499F-930A-9C89E09D3737}.Debug|ARM.Build.0 = Debug|Any CPU
		{C5C79D3C-7303-499F-930A-9C89E09D3737}.Debug|iPhone.ActiveCfg = Debug|Any CPU
		{C5C79D3C-7303-499F-930A-9C89E09D3737}.Debug|iPhone.Build.0 = Debug|Any CPU
		{C5C79D3C-7303-499F-930A-9C89E09D3737}.Debug|iPhoneSimulator.ActiveCfg = Debug|Any CPU
		{C5C79D3C-7303-499F-930A-9C89E09D3737}.Debug|iPhoneSimulator.Build.0 = Debug|Any CPU
		{C5C79D3C-7303-499F-930A-9C89E09D3737}.Debug|x64.ActiveCfg = Debug|Any CPU
		{C5C79D3C-7303-499F-930A-9C89E09D3737}.Debug|x64.Build.0 = Debug|Any CPU
		{C5C79D3C-7303-499F-930A-9C89E09D3737}.Debug|x86.ActiveCfg = Debug|Any CPU
		{C5C79D3C-7303-499F-930A-9C89E09D3737}.Debug|x86.Build.0 = Debug|Any CPU
		{C5C79D3C-7303-499F-930A-9C89E09D3737}.Release|Any CPU.ActiveCfg = Release|Any CPU
		{C5C79D3C-7303-499F-930A-9C89E09D3737}.Release|Any CPU.Build.0 = Release|Any CPU
		{C5C79D3C-7303-499F-930A-9C89E09D3737}.Release|ARM.ActiveCfg = Release|Any CPU
		{C5C79D3C-7303-499F-930A-9C89E09D3737}.Release|ARM.Build.0 = Release|Any CPU
		{C5C79D3C-7303-499F-930A-9C89E09D3737}.Release|iPhone.ActiveCfg = Release|Any CPU
		{C5C79D3C-7303-499F-930A-9C89E09D3737}.Release|iPhone.Build.0 = Release|Any CPU
		{C5C79D3C-7303-499F-930A-9C89E09D3737}.Release|iPhoneSimulator.ActiveCfg = Release|Any CPU
		{C5C79D3C-7303-499F-930A-9C89E09D3737}.Release|iPhoneSimulator.Build.0 = Release|Any CPU
		{C5C79D3C-7303-499F-930A-9C89E09D3737}.Release|x64.ActiveCfg = Release|Any CPU
		{C5C79D3C-7303-499F-930A-9C89E09D3737}.Release|x64.Build.0 = Release|Any CPU
		{C5C79D3C-7303-499F-930A-9C89E09D3737}.Release|x86.ActiveCfg = Release|Any CPU
		{C5C79D3C-7303-499F-930A-9C89E09D3737}.Release|x86.Build.0 = Release|Any CPU
		{D52E2CDE-69BA-4670-8E92-6B86135772C8}.Ad-Hoc|Any CPU.ActiveCfg = Release|Any CPU
		{D52E2CDE-69BA-4670-8E92-6B86135772C8}.Ad-Hoc|Any CPU.Build.0 = Release|Any CPU
		{D52E2CDE-69BA-4670-8E92-6B86135772C8}.Ad-Hoc|ARM.ActiveCfg = Release|Any CPU
		{D52E2CDE-69BA-4670-8E92-6B86135772C8}.Ad-Hoc|ARM.Build.0 = Release|Any CPU
		{D52E2CDE-69BA-4670-8E92-6B86135772C8}.Ad-Hoc|iPhone.ActiveCfg = Release|Any CPU
		{D52E2CDE-69BA-4670-8E92-6B86135772C8}.Ad-Hoc|iPhone.Build.0 = Release|Any CPU
		{D52E2CDE-69BA-4670-8E92-6B86135772C8}.Ad-Hoc|iPhoneSimulator.ActiveCfg = Release|Any CPU
		{D52E2CDE-69BA-4670-8E92-6B86135772C8}.Ad-Hoc|iPhoneSimulator.Build.0 = Release|Any CPU
		{D52E2CDE-69BA-4670-8E92-6B86135772C8}.Ad-Hoc|x64.ActiveCfg = Release|Any CPU
		{D52E2CDE-69BA-4670-8E92-6B86135772C8}.Ad-Hoc|x64.Build.0 = Release|Any CPU
		{D52E2CDE-69BA-4670-8E92-6B86135772C8}.Ad-Hoc|x86.ActiveCfg = Release|Any CPU
		{D52E2CDE-69BA-4670-8E92-6B86135772C8}.Ad-Hoc|x86.Build.0 = Release|Any CPU
		{D52E2CDE-69BA-4670-8E92-6B86135772C8}.AppStore|Any CPU.ActiveCfg = Release|Any CPU
		{D52E2CDE-69BA-4670-8E92-6B86135772C8}.AppStore|Any CPU.Build.0 = Release|Any CPU
		{D52E2CDE-69BA-4670-8E92-6B86135772C8}.AppStore|ARM.ActiveCfg = Release|Any CPU
		{D52E2CDE-69BA-4670-8E92-6B86135772C8}.AppStore|ARM.Build.0 = Release|Any CPU
		{D52E2CDE-69BA-4670-8E92-6B86135772C8}.AppStore|iPhone.ActiveCfg = Release|Any CPU
		{D52E2CDE-69BA-4670-8E92-6B86135772C8}.AppStore|iPhone.Build.0 = Release|Any CPU
		{D52E2CDE-69BA-4670-8E92-6B86135772C8}.AppStore|iPhoneSimulator.ActiveCfg = Release|Any CPU
		{D52E2CDE-69BA-4670-8E92-6B86135772C8}.AppStore|iPhoneSimulator.Build.0 = Release|Any CPU
		{D52E2CDE-69BA-4670-8E92-6B86135772C8}.AppStore|x64.ActiveCfg = Release|Any CPU
		{D52E2CDE-69BA-4670-8E92-6B86135772C8}.AppStore|x64.Build.0 = Release|Any CPU
		{D52E2CDE-69BA-4670-8E92-6B86135772C8}.AppStore|x86.ActiveCfg = Release|Any CPU
		{D52E2CDE-69BA-4670-8E92-6B86135772C8}.AppStore|x86.Build.0 = Release|Any CPU
		{D52E2CDE-69BA-4670-8E92-6B86135772C8}.Debug|Any CPU.ActiveCfg = Debug|Any CPU
		{D52E2CDE-69BA-4670-8E92-6B86135772C8}.Debug|Any CPU.Build.0 = Debug|Any CPU
		{D52E2CDE-69BA-4670-8E92-6B86135772C8}.Debug|ARM.ActiveCfg = Debug|Any CPU
		{D52E2CDE-69BA-4670-8E92-6B86135772C8}.Debug|ARM.Build.0 = Debug|Any CPU
		{D52E2CDE-69BA-4670-8E92-6B86135772C8}.Debug|iPhone.ActiveCfg = Debug|Any CPU
		{D52E2CDE-69BA-4670-8E92-6B86135772C8}.Debug|iPhone.Build.0 = Debug|Any CPU
		{D52E2CDE-69BA-4670-8E92-6B86135772C8}.Debug|iPhoneSimulator.ActiveCfg = Debug|Any CPU
		{D52E2CDE-69BA-4670-8E92-6B86135772C8}.Debug|iPhoneSimulator.Build.0 = Debug|Any CPU
		{D52E2CDE-69BA-4670-8E92-6B86135772C8}.Debug|x64.ActiveCfg = Debug|Any CPU
		{D52E2CDE-69BA-4670-8E92-6B86135772C8}.Debug|x64.Build.0 = Debug|Any CPU
		{D52E2CDE-69BA-4670-8E92-6B86135772C8}.Debug|x86.ActiveCfg = Debug|Any CPU
		{D52E2CDE-69BA-4670-8E92-6B86135772C8}.Debug|x86.Build.0 = Debug|Any CPU
		{D52E2CDE-69BA-4670-8E92-6B86135772C8}.Release|Any CPU.ActiveCfg = Release|Any CPU
		{D52E2CDE-69BA-4670-8E92-6B86135772C8}.Release|Any CPU.Build.0 = Release|Any CPU
		{D52E2CDE-69BA-4670-8E92-6B86135772C8}.Release|ARM.ActiveCfg = Release|Any CPU
		{D52E2CDE-69BA-4670-8E92-6B86135772C8}.Release|ARM.Build.0 = Release|Any CPU
		{D52E2CDE-69BA-4670-8E92-6B86135772C8}.Release|iPhone.ActiveCfg = Release|Any CPU
		{D52E2CDE-69BA-4670-8E92-6B86135772C8}.Release|iPhone.Build.0 = Release|Any CPU
		{D52E2CDE-69BA-4670-8E92-6B86135772C8}.Release|iPhoneSimulator.ActiveCfg = Release|Any CPU
		{D52E2CDE-69BA-4670-8E92-6B86135772C8}.Release|iPhoneSimulator.Build.0 = Release|Any CPU
		{D52E2CDE-69BA-4670-8E92-6B86135772C8}.Release|x64.ActiveCfg = Release|Any CPU
		{D52E2CDE-69BA-4670-8E92-6B86135772C8}.Release|x64.Build.0 = Release|Any CPU
		{D52E2CDE-69BA-4670-8E92-6B86135772C8}.Release|x86.ActiveCfg = Release|Any CPU
		{D52E2CDE-69BA-4670-8E92-6B86135772C8}.Release|x86.Build.0 = Release|Any CPU
		{ABE72732-905D-4305-9FF8-87CF0FEF5EE0}.Ad-Hoc|Any CPU.ActiveCfg = Release|Any CPU
		{ABE72732-905D-4305-9FF8-87CF0FEF5EE0}.Ad-Hoc|Any CPU.Build.0 = Release|Any CPU
		{ABE72732-905D-4305-9FF8-87CF0FEF5EE0}.Ad-Hoc|Any CPU.Deploy.0 = Release|Any CPU
		{ABE72732-905D-4305-9FF8-87CF0FEF5EE0}.Ad-Hoc|ARM.ActiveCfg = Release|Any CPU
		{ABE72732-905D-4305-9FF8-87CF0FEF5EE0}.Ad-Hoc|ARM.Build.0 = Release|Any CPU
		{ABE72732-905D-4305-9FF8-87CF0FEF5EE0}.Ad-Hoc|ARM.Deploy.0 = Release|Any CPU
		{ABE72732-905D-4305-9FF8-87CF0FEF5EE0}.Ad-Hoc|iPhone.ActiveCfg = Release|Any CPU
		{ABE72732-905D-4305-9FF8-87CF0FEF5EE0}.Ad-Hoc|iPhone.Build.0 = Release|Any CPU
		{ABE72732-905D-4305-9FF8-87CF0FEF5EE0}.Ad-Hoc|iPhone.Deploy.0 = Release|Any CPU
		{ABE72732-905D-4305-9FF8-87CF0FEF5EE0}.Ad-Hoc|iPhoneSimulator.ActiveCfg = Release|Any CPU
		{ABE72732-905D-4305-9FF8-87CF0FEF5EE0}.Ad-Hoc|iPhoneSimulator.Build.0 = Release|Any CPU
		{ABE72732-905D-4305-9FF8-87CF0FEF5EE0}.Ad-Hoc|iPhoneSimulator.Deploy.0 = Release|Any CPU
		{ABE72732-905D-4305-9FF8-87CF0FEF5EE0}.Ad-Hoc|x64.ActiveCfg = Release|Any CPU
		{ABE72732-905D-4305-9FF8-87CF0FEF5EE0}.Ad-Hoc|x64.Build.0 = Release|Any CPU
		{ABE72732-905D-4305-9FF8-87CF0FEF5EE0}.Ad-Hoc|x64.Deploy.0 = Release|Any CPU
		{ABE72732-905D-4305-9FF8-87CF0FEF5EE0}.Ad-Hoc|x86.ActiveCfg = Release|Any CPU
		{ABE72732-905D-4305-9FF8-87CF0FEF5EE0}.Ad-Hoc|x86.Build.0 = Release|Any CPU
		{ABE72732-905D-4305-9FF8-87CF0FEF5EE0}.Ad-Hoc|x86.Deploy.0 = Release|Any CPU
		{ABE72732-905D-4305-9FF8-87CF0FEF5EE0}.AppStore|Any CPU.ActiveCfg = Release|Any CPU
		{ABE72732-905D-4305-9FF8-87CF0FEF5EE0}.AppStore|Any CPU.Build.0 = Release|Any CPU
		{ABE72732-905D-4305-9FF8-87CF0FEF5EE0}.AppStore|Any CPU.Deploy.0 = Release|Any CPU
		{ABE72732-905D-4305-9FF8-87CF0FEF5EE0}.AppStore|ARM.ActiveCfg = Release|Any CPU
		{ABE72732-905D-4305-9FF8-87CF0FEF5EE0}.AppStore|ARM.Build.0 = Release|Any CPU
		{ABE72732-905D-4305-9FF8-87CF0FEF5EE0}.AppStore|ARM.Deploy.0 = Release|Any CPU
		{ABE72732-905D-4305-9FF8-87CF0FEF5EE0}.AppStore|iPhone.ActiveCfg = Release|Any CPU
		{ABE72732-905D-4305-9FF8-87CF0FEF5EE0}.AppStore|iPhone.Build.0 = Release|Any CPU
		{ABE72732-905D-4305-9FF8-87CF0FEF5EE0}.AppStore|iPhone.Deploy.0 = Release|Any CPU
		{ABE72732-905D-4305-9FF8-87CF0FEF5EE0}.AppStore|iPhoneSimulator.ActiveCfg = Release|Any CPU
		{ABE72732-905D-4305-9FF8-87CF0FEF5EE0}.AppStore|iPhoneSimulator.Build.0 = Release|Any CPU
		{ABE72732-905D-4305-9FF8-87CF0FEF5EE0}.AppStore|iPhoneSimulator.Deploy.0 = Release|Any CPU
		{ABE72732-905D-4305-9FF8-87CF0FEF5EE0}.AppStore|x64.ActiveCfg = Release|Any CPU
		{ABE72732-905D-4305-9FF8-87CF0FEF5EE0}.AppStore|x64.Build.0 = Release|Any CPU
		{ABE72732-905D-4305-9FF8-87CF0FEF5EE0}.AppStore|x64.Deploy.0 = Release|Any CPU
		{ABE72732-905D-4305-9FF8-87CF0FEF5EE0}.AppStore|x86.ActiveCfg = Release|Any CPU
		{ABE72732-905D-4305-9FF8-87CF0FEF5EE0}.AppStore|x86.Build.0 = Release|Any CPU
		{ABE72732-905D-4305-9FF8-87CF0FEF5EE0}.AppStore|x86.Deploy.0 = Release|Any CPU
		{ABE72732-905D-4305-9FF8-87CF0FEF5EE0}.Debug|Any CPU.ActiveCfg = Debug|Any CPU
		{ABE72732-905D-4305-9FF8-87CF0FEF5EE0}.Debug|ARM.ActiveCfg = Debug|Any CPU
		{ABE72732-905D-4305-9FF8-87CF0FEF5EE0}.Debug|ARM.Build.0 = Debug|Any CPU
		{ABE72732-905D-4305-9FF8-87CF0FEF5EE0}.Debug|ARM.Deploy.0 = Debug|Any CPU
		{ABE72732-905D-4305-9FF8-87CF0FEF5EE0}.Debug|iPhone.ActiveCfg = Debug|Any CPU
		{ABE72732-905D-4305-9FF8-87CF0FEF5EE0}.Debug|iPhone.Build.0 = Debug|Any CPU
		{ABE72732-905D-4305-9FF8-87CF0FEF5EE0}.Debug|iPhone.Deploy.0 = Debug|Any CPU
		{ABE72732-905D-4305-9FF8-87CF0FEF5EE0}.Debug|iPhoneSimulator.ActiveCfg = Debug|Any CPU
		{ABE72732-905D-4305-9FF8-87CF0FEF5EE0}.Debug|iPhoneSimulator.Build.0 = Debug|Any CPU
		{ABE72732-905D-4305-9FF8-87CF0FEF5EE0}.Debug|iPhoneSimulator.Deploy.0 = Debug|Any CPU
		{ABE72732-905D-4305-9FF8-87CF0FEF5EE0}.Debug|x64.ActiveCfg = Debug|Any CPU
		{ABE72732-905D-4305-9FF8-87CF0FEF5EE0}.Debug|x64.Build.0 = Debug|Any CPU
		{ABE72732-905D-4305-9FF8-87CF0FEF5EE0}.Debug|x64.Deploy.0 = Debug|Any CPU
		{ABE72732-905D-4305-9FF8-87CF0FEF5EE0}.Debug|x86.ActiveCfg = Debug|Any CPU
		{ABE72732-905D-4305-9FF8-87CF0FEF5EE0}.Debug|x86.Build.0 = Debug|Any CPU
		{ABE72732-905D-4305-9FF8-87CF0FEF5EE0}.Debug|x86.Deploy.0 = Debug|Any CPU
		{ABE72732-905D-4305-9FF8-87CF0FEF5EE0}.Release|Any CPU.ActiveCfg = Release|Any CPU
		{ABE72732-905D-4305-9FF8-87CF0FEF5EE0}.Release|Any CPU.Build.0 = Release|Any CPU
		{ABE72732-905D-4305-9FF8-87CF0FEF5EE0}.Release|Any CPU.Deploy.0 = Release|Any CPU
		{ABE72732-905D-4305-9FF8-87CF0FEF5EE0}.Release|ARM.ActiveCfg = Release|Any CPU
		{ABE72732-905D-4305-9FF8-87CF0FEF5EE0}.Release|ARM.Build.0 = Release|Any CPU
		{ABE72732-905D-4305-9FF8-87CF0FEF5EE0}.Release|ARM.Deploy.0 = Release|Any CPU
		{ABE72732-905D-4305-9FF8-87CF0FEF5EE0}.Release|iPhone.ActiveCfg = Release|Any CPU
		{ABE72732-905D-4305-9FF8-87CF0FEF5EE0}.Release|iPhone.Build.0 = Release|Any CPU
		{ABE72732-905D-4305-9FF8-87CF0FEF5EE0}.Release|iPhone.Deploy.0 = Release|Any CPU
		{ABE72732-905D-4305-9FF8-87CF0FEF5EE0}.Release|iPhoneSimulator.ActiveCfg = Release|Any CPU
		{ABE72732-905D-4305-9FF8-87CF0FEF5EE0}.Release|iPhoneSimulator.Build.0 = Release|Any CPU
		{ABE72732-905D-4305-9FF8-87CF0FEF5EE0}.Release|iPhoneSimulator.Deploy.0 = Release|Any CPU
		{ABE72732-905D-4305-9FF8-87CF0FEF5EE0}.Release|x64.ActiveCfg = Release|Any CPU
		{ABE72732-905D-4305-9FF8-87CF0FEF5EE0}.Release|x64.Build.0 = Release|Any CPU
		{ABE72732-905D-4305-9FF8-87CF0FEF5EE0}.Release|x64.Deploy.0 = Release|Any CPU
		{ABE72732-905D-4305-9FF8-87CF0FEF5EE0}.Release|x86.ActiveCfg = Release|Any CPU
		{ABE72732-905D-4305-9FF8-87CF0FEF5EE0}.Release|x86.Build.0 = Release|Any CPU
		{ABE72732-905D-4305-9FF8-87CF0FEF5EE0}.Release|x86.Deploy.0 = Release|Any CPU
		{DF1F5D75-26ED-40EF-8A17-E37FFDD7FB37}.Ad-Hoc|Any CPU.ActiveCfg = Ad-Hoc|iPhone
		{DF1F5D75-26ED-40EF-8A17-E37FFDD7FB37}.Ad-Hoc|ARM.ActiveCfg = Ad-Hoc|iPhone
		{DF1F5D75-26ED-40EF-8A17-E37FFDD7FB37}.Ad-Hoc|iPhone.ActiveCfg = Ad-Hoc|iPhone
		{DF1F5D75-26ED-40EF-8A17-E37FFDD7FB37}.Ad-Hoc|iPhone.Build.0 = Ad-Hoc|iPhone
		{DF1F5D75-26ED-40EF-8A17-E37FFDD7FB37}.Ad-Hoc|iPhoneSimulator.ActiveCfg = Ad-Hoc|iPhoneSimulator
		{DF1F5D75-26ED-40EF-8A17-E37FFDD7FB37}.Ad-Hoc|iPhoneSimulator.Build.0 = Ad-Hoc|iPhoneSimulator
		{DF1F5D75-26ED-40EF-8A17-E37FFDD7FB37}.Ad-Hoc|x64.ActiveCfg = Ad-Hoc|iPhone
		{DF1F5D75-26ED-40EF-8A17-E37FFDD7FB37}.Ad-Hoc|x86.ActiveCfg = Ad-Hoc|iPhone
		{DF1F5D75-26ED-40EF-8A17-E37FFDD7FB37}.AppStore|Any CPU.ActiveCfg = AppStore|iPhone
		{DF1F5D75-26ED-40EF-8A17-E37FFDD7FB37}.AppStore|ARM.ActiveCfg = AppStore|iPhone
		{DF1F5D75-26ED-40EF-8A17-E37FFDD7FB37}.AppStore|iPhone.ActiveCfg = AppStore|iPhone
		{DF1F5D75-26ED-40EF-8A17-E37FFDD7FB37}.AppStore|iPhone.Build.0 = AppStore|iPhone
		{DF1F5D75-26ED-40EF-8A17-E37FFDD7FB37}.AppStore|iPhoneSimulator.ActiveCfg = AppStore|iPhoneSimulator
		{DF1F5D75-26ED-40EF-8A17-E37FFDD7FB37}.AppStore|iPhoneSimulator.Build.0 = AppStore|iPhoneSimulator
		{DF1F5D75-26ED-40EF-8A17-E37FFDD7FB37}.AppStore|x64.ActiveCfg = AppStore|iPhone
		{DF1F5D75-26ED-40EF-8A17-E37FFDD7FB37}.AppStore|x86.ActiveCfg = AppStore|iPhone
		{DF1F5D75-26ED-40EF-8A17-E37FFDD7FB37}.Debug|Any CPU.ActiveCfg = Debug|iPhone
		{DF1F5D75-26ED-40EF-8A17-E37FFDD7FB37}.Debug|ARM.ActiveCfg = Debug|iPhone
		{DF1F5D75-26ED-40EF-8A17-E37FFDD7FB37}.Debug|iPhone.ActiveCfg = Debug|iPhone
		{DF1F5D75-26ED-40EF-8A17-E37FFDD7FB37}.Debug|iPhone.Build.0 = Debug|iPhone
		{DF1F5D75-26ED-40EF-8A17-E37FFDD7FB37}.Debug|iPhoneSimulator.ActiveCfg = Debug|iPhoneSimulator
		{DF1F5D75-26ED-40EF-8A17-E37FFDD7FB37}.Debug|iPhoneSimulator.Build.0 = Debug|iPhoneSimulator
		{DF1F5D75-26ED-40EF-8A17-E37FFDD7FB37}.Debug|x64.ActiveCfg = Debug|iPhone
		{DF1F5D75-26ED-40EF-8A17-E37FFDD7FB37}.Debug|x86.ActiveCfg = Debug|iPhone
		{DF1F5D75-26ED-40EF-8A17-E37FFDD7FB37}.Release|Any CPU.ActiveCfg = Release|iPhone
		{DF1F5D75-26ED-40EF-8A17-E37FFDD7FB37}.Release|ARM.ActiveCfg = Release|iPhone
		{DF1F5D75-26ED-40EF-8A17-E37FFDD7FB37}.Release|iPhone.ActiveCfg = Release|iPhone
		{DF1F5D75-26ED-40EF-8A17-E37FFDD7FB37}.Release|iPhone.Build.0 = Release|iPhone
		{DF1F5D75-26ED-40EF-8A17-E37FFDD7FB37}.Release|iPhoneSimulator.ActiveCfg = Release|iPhoneSimulator
		{DF1F5D75-26ED-40EF-8A17-E37FFDD7FB37}.Release|iPhoneSimulator.Build.0 = Release|iPhoneSimulator
		{DF1F5D75-26ED-40EF-8A17-E37FFDD7FB37}.Release|x64.ActiveCfg = Release|iPhone
		{DF1F5D75-26ED-40EF-8A17-E37FFDD7FB37}.Release|x86.ActiveCfg = Release|iPhone
		{4878FBBF-0B0E-47A7-B58E-6EA9D2933866}.Ad-Hoc|Any CPU.ActiveCfg = Release|x86
		{4878FBBF-0B0E-47A7-B58E-6EA9D2933866}.Ad-Hoc|Any CPU.Build.0 = Release|x86
		{4878FBBF-0B0E-47A7-B58E-6EA9D2933866}.Ad-Hoc|Any CPU.Deploy.0 = Release|x86
		{4878FBBF-0B0E-47A7-B58E-6EA9D2933866}.Ad-Hoc|ARM.ActiveCfg = Release|ARM
		{4878FBBF-0B0E-47A7-B58E-6EA9D2933866}.Ad-Hoc|ARM.Build.0 = Release|ARM
		{4878FBBF-0B0E-47A7-B58E-6EA9D2933866}.Ad-Hoc|ARM.Deploy.0 = Release|ARM
		{4878FBBF-0B0E-47A7-B58E-6EA9D2933866}.Ad-Hoc|iPhone.ActiveCfg = Release|x86
		{4878FBBF-0B0E-47A7-B58E-6EA9D2933866}.Ad-Hoc|iPhone.Build.0 = Release|x86
		{4878FBBF-0B0E-47A7-B58E-6EA9D2933866}.Ad-Hoc|iPhone.Deploy.0 = Release|x86
		{4878FBBF-0B0E-47A7-B58E-6EA9D2933866}.Ad-Hoc|iPhoneSimulator.ActiveCfg = Release|x86
		{4878FBBF-0B0E-47A7-B58E-6EA9D2933866}.Ad-Hoc|iPhoneSimulator.Build.0 = Release|x86
		{4878FBBF-0B0E-47A7-B58E-6EA9D2933866}.Ad-Hoc|iPhoneSimulator.Deploy.0 = Release|x86
		{4878FBBF-0B0E-47A7-B58E-6EA9D2933866}.Ad-Hoc|x64.ActiveCfg = Release|x64
		{4878FBBF-0B0E-47A7-B58E-6EA9D2933866}.Ad-Hoc|x64.Build.0 = Release|x64
		{4878FBBF-0B0E-47A7-B58E-6EA9D2933866}.Ad-Hoc|x64.Deploy.0 = Release|x64
		{4878FBBF-0B0E-47A7-B58E-6EA9D2933866}.Ad-Hoc|x86.ActiveCfg = Release|x86
		{4878FBBF-0B0E-47A7-B58E-6EA9D2933866}.Ad-Hoc|x86.Build.0 = Release|x86
		{4878FBBF-0B0E-47A7-B58E-6EA9D2933866}.Ad-Hoc|x86.Deploy.0 = Release|x86
		{4878FBBF-0B0E-47A7-B58E-6EA9D2933866}.AppStore|Any CPU.ActiveCfg = Release|x86
		{4878FBBF-0B0E-47A7-B58E-6EA9D2933866}.AppStore|Any CPU.Build.0 = Release|x86
		{4878FBBF-0B0E-47A7-B58E-6EA9D2933866}.AppStore|Any CPU.Deploy.0 = Release|x86
		{4878FBBF-0B0E-47A7-B58E-6EA9D2933866}.AppStore|ARM.ActiveCfg = Release|ARM
		{4878FBBF-0B0E-47A7-B58E-6EA9D2933866}.AppStore|ARM.Build.0 = Release|ARM
		{4878FBBF-0B0E-47A7-B58E-6EA9D2933866}.AppStore|ARM.Deploy.0 = Release|ARM
		{4878FBBF-0B0E-47A7-B58E-6EA9D2933866}.AppStore|iPhone.ActiveCfg = Release|x86
		{4878FBBF-0B0E-47A7-B58E-6EA9D2933866}.AppStore|iPhone.Build.0 = Release|x86
		{4878FBBF-0B0E-47A7-B58E-6EA9D2933866}.AppStore|iPhone.Deploy.0 = Release|x86
		{4878FBBF-0B0E-47A7-B58E-6EA9D2933866}.AppStore|iPhoneSimulator.ActiveCfg = Release|x86
		{4878FBBF-0B0E-47A7-B58E-6EA9D2933866}.AppStore|iPhoneSimulator.Build.0 = Release|x86
		{4878FBBF-0B0E-47A7-B58E-6EA9D2933866}.AppStore|iPhoneSimulator.Deploy.0 = Release|x86
		{4878FBBF-0B0E-47A7-B58E-6EA9D2933866}.AppStore|x64.ActiveCfg = Release|x64
		{4878FBBF-0B0E-47A7-B58E-6EA9D2933866}.AppStore|x64.Build.0 = Release|x64
		{4878FBBF-0B0E-47A7-B58E-6EA9D2933866}.AppStore|x64.Deploy.0 = Release|x64
		{4878FBBF-0B0E-47A7-B58E-6EA9D2933866}.AppStore|x86.ActiveCfg = Release|x86
		{4878FBBF-0B0E-47A7-B58E-6EA9D2933866}.AppStore|x86.Build.0 = Release|x86
		{4878FBBF-0B0E-47A7-B58E-6EA9D2933866}.AppStore|x86.Deploy.0 = Release|x86
		{4878FBBF-0B0E-47A7-B58E-6EA9D2933866}.Debug|Any CPU.ActiveCfg = Debug|x86
		{4878FBBF-0B0E-47A7-B58E-6EA9D2933866}.Debug|Any CPU.Build.0 = Debug|x86
		{4878FBBF-0B0E-47A7-B58E-6EA9D2933866}.Debug|Any CPU.Deploy.0 = Debug|x86
		{4878FBBF-0B0E-47A7-B58E-6EA9D2933866}.Debug|ARM.ActiveCfg = Debug|ARM
		{4878FBBF-0B0E-47A7-B58E-6EA9D2933866}.Debug|ARM.Build.0 = Debug|ARM
		{4878FBBF-0B0E-47A7-B58E-6EA9D2933866}.Debug|ARM.Deploy.0 = Debug|ARM
		{4878FBBF-0B0E-47A7-B58E-6EA9D2933866}.Debug|iPhone.ActiveCfg = Debug|x86
		{4878FBBF-0B0E-47A7-B58E-6EA9D2933866}.Debug|iPhoneSimulator.ActiveCfg = Debug|x86
		{4878FBBF-0B0E-47A7-B58E-6EA9D2933866}.Debug|x64.ActiveCfg = Debug|x64
		{4878FBBF-0B0E-47A7-B58E-6EA9D2933866}.Debug|x64.Build.0 = Debug|x64
		{4878FBBF-0B0E-47A7-B58E-6EA9D2933866}.Debug|x64.Deploy.0 = Debug|x64
		{4878FBBF-0B0E-47A7-B58E-6EA9D2933866}.Debug|x86.ActiveCfg = Debug|x86
		{4878FBBF-0B0E-47A7-B58E-6EA9D2933866}.Debug|x86.Build.0 = Debug|x86
		{4878FBBF-0B0E-47A7-B58E-6EA9D2933866}.Debug|x86.Deploy.0 = Debug|x86
		{4878FBBF-0B0E-47A7-B58E-6EA9D2933866}.Release|Any CPU.ActiveCfg = Release|x86
		{4878FBBF-0B0E-47A7-B58E-6EA9D2933866}.Release|ARM.ActiveCfg = Release|ARM
		{4878FBBF-0B0E-47A7-B58E-6EA9D2933866}.Release|ARM.Build.0 = Release|ARM
		{4878FBBF-0B0E-47A7-B58E-6EA9D2933866}.Release|ARM.Deploy.0 = Release|ARM
		{4878FBBF-0B0E-47A7-B58E-6EA9D2933866}.Release|iPhone.ActiveCfg = Release|x86
		{4878FBBF-0B0E-47A7-B58E-6EA9D2933866}.Release|iPhoneSimulator.ActiveCfg = Release|x86
		{4878FBBF-0B0E-47A7-B58E-6EA9D2933866}.Release|x64.ActiveCfg = Release|x64
		{4878FBBF-0B0E-47A7-B58E-6EA9D2933866}.Release|x64.Build.0 = Release|x64
		{4878FBBF-0B0E-47A7-B58E-6EA9D2933866}.Release|x64.Deploy.0 = Release|x64
		{4878FBBF-0B0E-47A7-B58E-6EA9D2933866}.Release|x86.ActiveCfg = Release|x86
		{4878FBBF-0B0E-47A7-B58E-6EA9D2933866}.Release|x86.Build.0 = Release|x86
		{4878FBBF-0B0E-47A7-B58E-6EA9D2933866}.Release|x86.Deploy.0 = Release|x86
	EndGlobalSection
	GlobalSection(SolutionProperties) = preSolution
		HideSolutionNode = FALSE
	EndGlobalSection
EndGlobal
