
Microsoft Visual Studio Solution File, Format Version 12.00
# Visual Studio 14
VisualStudioVersion = 14.0.25123.0
MinimumVisualStudioVersion = 10.0.40219.1
Project("{9092AA53-FB77-4645-B42D-1CCCA6BD08BD}") = "backend", "backend\backend.njsproj", "{6B750221-BBCF-493A-AC8F-28829BEEBDC2}"
EndProject
Project("{FAE04EC0-301F-11D3-BF4B-00C04F79EFBC}") = "Client.UWP", "Client.UWP\Client.UWP.csproj", "{632908B9-27DA-4C81-82C1-F6B8DA05FC9F}"
EndProject
Project("{262852C6-CD72-467D-83FE-5EEB1973A190}") = "Client.Cordova", "Client.Cordova\Client.Cordova.jsproj", "{6A053909-20E9-4671-A737-4CC588D37661}"
EndProject
Project("{FAE04EC0-301F-11D3-BF4B-00C04F79EFBC}") = "backend.dotnet", "backend.dotnet\backend.dotnet.csproj", "{A8455D77-2D23-46A9-95EE-8B0706BB7E59}"
EndProject
Project("{FAE04EC0-301F-11D3-BF4B-00C04F79EFBC}") = "Client.XForms", "Client.XForms\Client.XForms\Client.XForms.csproj", "{93DF91AC-BD65-41A1-8F06-6FC1240E578A}"
EndProject
Project("{FAE04EC0-301F-11D3-BF4B-00C04F79EFBC}") = "Client.XForms.Droid", "Client.XForms\Client.XForms.Droid\Client.XForms.Droid.csproj", "{DF8BF5CF-A44B-4A21-849D-7102A398AD9F}"
EndProject
Project("{FAE04EC0-301F-11D3-BF4B-00C04F79EFBC}") = "Client.XForms.iOS", "Client.XForms\Client.XForms.iOS\Client.XForms.iOS.csproj", "{D60996D4-FD26-4AC2-861B-103BC3D6A8C7}"
EndProject
Global
	GlobalSection(SolutionConfigurationPlatforms) = preSolution
		Ad-Hoc|Android = Ad-Hoc|Android
		Ad-Hoc|Any CPU = Ad-Hoc|Any CPU
		Ad-Hoc|ARM = Ad-Hoc|ARM
		Ad-Hoc|iOS = Ad-Hoc|iOS
		Ad-Hoc|iPhone = Ad-Hoc|iPhone
		Ad-Hoc|iPhoneSimulator = Ad-Hoc|iPhoneSimulator
		Ad-Hoc|Windows Phone (Universal) = Ad-Hoc|Windows Phone (Universal)
		Ad-Hoc|Windows Phone 8 = Ad-Hoc|Windows Phone 8
		Ad-Hoc|Windows-AnyCPU = Ad-Hoc|Windows-AnyCPU
		Ad-Hoc|Windows-ARM = Ad-Hoc|Windows-ARM
		Ad-Hoc|Windows-x64 = Ad-Hoc|Windows-x64
		Ad-Hoc|Windows-x86 = Ad-Hoc|Windows-x86
		Ad-Hoc|x64 = Ad-Hoc|x64
		Ad-Hoc|x86 = Ad-Hoc|x86
		AppStore|Android = AppStore|Android
		AppStore|Any CPU = AppStore|Any CPU
		AppStore|ARM = AppStore|ARM
		AppStore|iOS = AppStore|iOS
		AppStore|iPhone = AppStore|iPhone
		AppStore|iPhoneSimulator = AppStore|iPhoneSimulator
		AppStore|Windows Phone (Universal) = AppStore|Windows Phone (Universal)
		AppStore|Windows Phone 8 = AppStore|Windows Phone 8
		AppStore|Windows-AnyCPU = AppStore|Windows-AnyCPU
		AppStore|Windows-ARM = AppStore|Windows-ARM
		AppStore|Windows-x64 = AppStore|Windows-x64
		AppStore|Windows-x86 = AppStore|Windows-x86
		AppStore|x64 = AppStore|x64
		AppStore|x86 = AppStore|x86
		Debug|Android = Debug|Android
		Debug|Any CPU = Debug|Any CPU
		Debug|ARM = Debug|ARM
		Debug|iOS = Debug|iOS
		Debug|iPhone = Debug|iPhone
		Debug|iPhoneSimulator = Debug|iPhoneSimulator
		Debug|Windows Phone (Universal) = Debug|Windows Phone (Universal)
		Debug|Windows Phone 8 = Debug|Windows Phone 8
		Debug|Windows-AnyCPU = Debug|Windows-AnyCPU
		Debug|Windows-ARM = Debug|Windows-ARM
		Debug|Windows-x64 = Debug|Windows-x64
		Debug|Windows-x86 = Debug|Windows-x86
		Debug|x64 = Debug|x64
		Debug|x86 = Debug|x86
		Release|Android = Release|Android
		Release|Any CPU = Release|Any CPU
		Release|ARM = Release|ARM
		Release|iOS = Release|iOS
		Release|iPhone = Release|iPhone
		Release|iPhoneSimulator = Release|iPhoneSimulator
		Release|Windows Phone (Universal) = Release|Windows Phone (Universal)
		Release|Windows Phone 8 = Release|Windows Phone 8
		Release|Windows-AnyCPU = Release|Windows-AnyCPU
		Release|Windows-ARM = Release|Windows-ARM
		Release|Windows-x64 = Release|Windows-x64
		Release|Windows-x86 = Release|Windows-x86
		Release|x64 = Release|x64
		Release|x86 = Release|x86
	EndGlobalSection
	GlobalSection(ProjectConfigurationPlatforms) = postSolution
		{6B750221-BBCF-493A-AC8F-28829BEEBDC2}.Ad-Hoc|Android.ActiveCfg = Release|Any CPU
		{6B750221-BBCF-493A-AC8F-28829BEEBDC2}.Ad-Hoc|Android.Build.0 = Release|Any CPU
		{6B750221-BBCF-493A-AC8F-28829BEEBDC2}.Ad-Hoc|Any CPU.ActiveCfg = Release|Any CPU
		{6B750221-BBCF-493A-AC8F-28829BEEBDC2}.Ad-Hoc|Any CPU.Build.0 = Release|Any CPU
		{6B750221-BBCF-493A-AC8F-28829BEEBDC2}.Ad-Hoc|ARM.ActiveCfg = Release|Any CPU
		{6B750221-BBCF-493A-AC8F-28829BEEBDC2}.Ad-Hoc|ARM.Build.0 = Release|Any CPU
		{6B750221-BBCF-493A-AC8F-28829BEEBDC2}.Ad-Hoc|iOS.ActiveCfg = Release|Any CPU
		{6B750221-BBCF-493A-AC8F-28829BEEBDC2}.Ad-Hoc|iOS.Build.0 = Release|Any CPU
		{6B750221-BBCF-493A-AC8F-28829BEEBDC2}.Ad-Hoc|iPhone.ActiveCfg = Release|Any CPU
		{6B750221-BBCF-493A-AC8F-28829BEEBDC2}.Ad-Hoc|iPhone.Build.0 = Release|Any CPU
		{6B750221-BBCF-493A-AC8F-28829BEEBDC2}.Ad-Hoc|iPhoneSimulator.ActiveCfg = Release|Any CPU
		{6B750221-BBCF-493A-AC8F-28829BEEBDC2}.Ad-Hoc|iPhoneSimulator.Build.0 = Release|Any CPU
		{6B750221-BBCF-493A-AC8F-28829BEEBDC2}.Ad-Hoc|Windows Phone (Universal).ActiveCfg = Release|Any CPU
		{6B750221-BBCF-493A-AC8F-28829BEEBDC2}.Ad-Hoc|Windows Phone (Universal).Build.0 = Release|Any CPU
		{6B750221-BBCF-493A-AC8F-28829BEEBDC2}.Ad-Hoc|Windows Phone 8.ActiveCfg = Release|Any CPU
		{6B750221-BBCF-493A-AC8F-28829BEEBDC2}.Ad-Hoc|Windows Phone 8.Build.0 = Release|Any CPU
		{6B750221-BBCF-493A-AC8F-28829BEEBDC2}.Ad-Hoc|Windows-AnyCPU.ActiveCfg = Release|Any CPU
		{6B750221-BBCF-493A-AC8F-28829BEEBDC2}.Ad-Hoc|Windows-AnyCPU.Build.0 = Release|Any CPU
		{6B750221-BBCF-493A-AC8F-28829BEEBDC2}.Ad-Hoc|Windows-ARM.ActiveCfg = Release|Any CPU
		{6B750221-BBCF-493A-AC8F-28829BEEBDC2}.Ad-Hoc|Windows-ARM.Build.0 = Release|Any CPU
		{6B750221-BBCF-493A-AC8F-28829BEEBDC2}.Ad-Hoc|Windows-x64.ActiveCfg = Release|Any CPU
		{6B750221-BBCF-493A-AC8F-28829BEEBDC2}.Ad-Hoc|Windows-x64.Build.0 = Release|Any CPU
		{6B750221-BBCF-493A-AC8F-28829BEEBDC2}.Ad-Hoc|Windows-x86.ActiveCfg = Release|Any CPU
		{6B750221-BBCF-493A-AC8F-28829BEEBDC2}.Ad-Hoc|Windows-x86.Build.0 = Release|Any CPU
		{6B750221-BBCF-493A-AC8F-28829BEEBDC2}.Ad-Hoc|x64.ActiveCfg = Release|Any CPU
		{6B750221-BBCF-493A-AC8F-28829BEEBDC2}.Ad-Hoc|x64.Build.0 = Release|Any CPU
		{6B750221-BBCF-493A-AC8F-28829BEEBDC2}.Ad-Hoc|x86.ActiveCfg = Release|Any CPU
		{6B750221-BBCF-493A-AC8F-28829BEEBDC2}.Ad-Hoc|x86.Build.0 = Release|Any CPU
		{6B750221-BBCF-493A-AC8F-28829BEEBDC2}.AppStore|Android.ActiveCfg = Release|Any CPU
		{6B750221-BBCF-493A-AC8F-28829BEEBDC2}.AppStore|Android.Build.0 = Release|Any CPU
		{6B750221-BBCF-493A-AC8F-28829BEEBDC2}.AppStore|Any CPU.ActiveCfg = Release|Any CPU
		{6B750221-BBCF-493A-AC8F-28829BEEBDC2}.AppStore|Any CPU.Build.0 = Release|Any CPU
		{6B750221-BBCF-493A-AC8F-28829BEEBDC2}.AppStore|ARM.ActiveCfg = Release|Any CPU
		{6B750221-BBCF-493A-AC8F-28829BEEBDC2}.AppStore|ARM.Build.0 = Release|Any CPU
		{6B750221-BBCF-493A-AC8F-28829BEEBDC2}.AppStore|iOS.ActiveCfg = Release|Any CPU
		{6B750221-BBCF-493A-AC8F-28829BEEBDC2}.AppStore|iOS.Build.0 = Release|Any CPU
		{6B750221-BBCF-493A-AC8F-28829BEEBDC2}.AppStore|iPhone.ActiveCfg = Release|Any CPU
		{6B750221-BBCF-493A-AC8F-28829BEEBDC2}.AppStore|iPhone.Build.0 = Release|Any CPU
		{6B750221-BBCF-493A-AC8F-28829BEEBDC2}.AppStore|iPhoneSimulator.ActiveCfg = Release|Any CPU
		{6B750221-BBCF-493A-AC8F-28829BEEBDC2}.AppStore|iPhoneSimulator.Build.0 = Release|Any CPU
		{6B750221-BBCF-493A-AC8F-28829BEEBDC2}.AppStore|Windows Phone (Universal).ActiveCfg = Release|Any CPU
		{6B750221-BBCF-493A-AC8F-28829BEEBDC2}.AppStore|Windows Phone (Universal).Build.0 = Release|Any CPU
		{6B750221-BBCF-493A-AC8F-28829BEEBDC2}.AppStore|Windows Phone 8.ActiveCfg = Release|Any CPU
		{6B750221-BBCF-493A-AC8F-28829BEEBDC2}.AppStore|Windows Phone 8.Build.0 = Release|Any CPU
		{6B750221-BBCF-493A-AC8F-28829BEEBDC2}.AppStore|Windows-AnyCPU.ActiveCfg = Release|Any CPU
		{6B750221-BBCF-493A-AC8F-28829BEEBDC2}.AppStore|Windows-AnyCPU.Build.0 = Release|Any CPU
		{6B750221-BBCF-493A-AC8F-28829BEEBDC2}.AppStore|Windows-ARM.ActiveCfg = Release|Any CPU
		{6B750221-BBCF-493A-AC8F-28829BEEBDC2}.AppStore|Windows-ARM.Build.0 = Release|Any CPU
		{6B750221-BBCF-493A-AC8F-28829BEEBDC2}.AppStore|Windows-x64.ActiveCfg = Release|Any CPU
		{6B750221-BBCF-493A-AC8F-28829BEEBDC2}.AppStore|Windows-x64.Build.0 = Release|Any CPU
		{6B750221-BBCF-493A-AC8F-28829BEEBDC2}.AppStore|Windows-x86.ActiveCfg = Release|Any CPU
		{6B750221-BBCF-493A-AC8F-28829BEEBDC2}.AppStore|Windows-x86.Build.0 = Release|Any CPU
		{6B750221-BBCF-493A-AC8F-28829BEEBDC2}.AppStore|x64.ActiveCfg = Release|Any CPU
		{6B750221-BBCF-493A-AC8F-28829BEEBDC2}.AppStore|x64.Build.0 = Release|Any CPU
		{6B750221-BBCF-493A-AC8F-28829BEEBDC2}.AppStore|x86.ActiveCfg = Release|Any CPU
		{6B750221-BBCF-493A-AC8F-28829BEEBDC2}.AppStore|x86.Build.0 = Release|Any CPU
		{6B750221-BBCF-493A-AC8F-28829BEEBDC2}.Debug|Android.ActiveCfg = Debug|Any CPU
		{6B750221-BBCF-493A-AC8F-28829BEEBDC2}.Debug|Android.Build.0 = Debug|Any CPU
		{6B750221-BBCF-493A-AC8F-28829BEEBDC2}.Debug|Any CPU.ActiveCfg = Debug|Any CPU
		{6B750221-BBCF-493A-AC8F-28829BEEBDC2}.Debug|Any CPU.Build.0 = Debug|Any CPU
		{6B750221-BBCF-493A-AC8F-28829BEEBDC2}.Debug|ARM.ActiveCfg = Debug|Any CPU
		{6B750221-BBCF-493A-AC8F-28829BEEBDC2}.Debug|ARM.Build.0 = Debug|Any CPU
		{6B750221-BBCF-493A-AC8F-28829BEEBDC2}.Debug|iOS.ActiveCfg = Debug|Any CPU
		{6B750221-BBCF-493A-AC8F-28829BEEBDC2}.Debug|iOS.Build.0 = Debug|Any CPU
		{6B750221-BBCF-493A-AC8F-28829BEEBDC2}.Debug|iPhone.ActiveCfg = Debug|Any CPU
		{6B750221-BBCF-493A-AC8F-28829BEEBDC2}.Debug|iPhone.Build.0 = Debug|Any CPU
		{6B750221-BBCF-493A-AC8F-28829BEEBDC2}.Debug|iPhoneSimulator.ActiveCfg = Debug|Any CPU
		{6B750221-BBCF-493A-AC8F-28829BEEBDC2}.Debug|iPhoneSimulator.Build.0 = Debug|Any CPU
		{6B750221-BBCF-493A-AC8F-28829BEEBDC2}.Debug|Windows Phone (Universal).ActiveCfg = Debug|Any CPU
		{6B750221-BBCF-493A-AC8F-28829BEEBDC2}.Debug|Windows Phone (Universal).Build.0 = Debug|Any CPU
		{6B750221-BBCF-493A-AC8F-28829BEEBDC2}.Debug|Windows Phone 8.ActiveCfg = Debug|Any CPU
		{6B750221-BBCF-493A-AC8F-28829BEEBDC2}.Debug|Windows Phone 8.Build.0 = Debug|Any CPU
		{6B750221-BBCF-493A-AC8F-28829BEEBDC2}.Debug|Windows-AnyCPU.ActiveCfg = Debug|Any CPU
		{6B750221-BBCF-493A-AC8F-28829BEEBDC2}.Debug|Windows-AnyCPU.Build.0 = Debug|Any CPU
		{6B750221-BBCF-493A-AC8F-28829BEEBDC2}.Debug|Windows-ARM.ActiveCfg = Debug|Any CPU
		{6B750221-BBCF-493A-AC8F-28829BEEBDC2}.Debug|Windows-ARM.Build.0 = Debug|Any CPU
		{6B750221-BBCF-493A-AC8F-28829BEEBDC2}.Debug|Windows-x64.ActiveCfg = Debug|Any CPU
		{6B750221-BBCF-493A-AC8F-28829BEEBDC2}.Debug|Windows-x64.Build.0 = Debug|Any CPU
		{6B750221-BBCF-493A-AC8F-28829BEEBDC2}.Debug|Windows-x86.ActiveCfg = Debug|Any CPU
		{6B750221-BBCF-493A-AC8F-28829BEEBDC2}.Debug|Windows-x86.Build.0 = Debug|Any CPU
		{6B750221-BBCF-493A-AC8F-28829BEEBDC2}.Debug|x64.ActiveCfg = Debug|Any CPU
		{6B750221-BBCF-493A-AC8F-28829BEEBDC2}.Debug|x64.Build.0 = Debug|Any CPU
		{6B750221-BBCF-493A-AC8F-28829BEEBDC2}.Debug|x86.ActiveCfg = Debug|Any CPU
		{6B750221-BBCF-493A-AC8F-28829BEEBDC2}.Debug|x86.Build.0 = Debug|Any CPU
		{6B750221-BBCF-493A-AC8F-28829BEEBDC2}.Release|Android.ActiveCfg = Release|Any CPU
		{6B750221-BBCF-493A-AC8F-28829BEEBDC2}.Release|Android.Build.0 = Release|Any CPU
		{6B750221-BBCF-493A-AC8F-28829BEEBDC2}.Release|Any CPU.ActiveCfg = Release|Any CPU
		{6B750221-BBCF-493A-AC8F-28829BEEBDC2}.Release|Any CPU.Build.0 = Release|Any CPU
		{6B750221-BBCF-493A-AC8F-28829BEEBDC2}.Release|ARM.ActiveCfg = Release|Any CPU
		{6B750221-BBCF-493A-AC8F-28829BEEBDC2}.Release|ARM.Build.0 = Release|Any CPU
		{6B750221-BBCF-493A-AC8F-28829BEEBDC2}.Release|iOS.ActiveCfg = Release|Any CPU
		{6B750221-BBCF-493A-AC8F-28829BEEBDC2}.Release|iOS.Build.0 = Release|Any CPU
		{6B750221-BBCF-493A-AC8F-28829BEEBDC2}.Release|iPhone.ActiveCfg = Release|Any CPU
		{6B750221-BBCF-493A-AC8F-28829BEEBDC2}.Release|iPhone.Build.0 = Release|Any CPU
		{6B750221-BBCF-493A-AC8F-28829BEEBDC2}.Release|iPhoneSimulator.ActiveCfg = Release|Any CPU
		{6B750221-BBCF-493A-AC8F-28829BEEBDC2}.Release|iPhoneSimulator.Build.0 = Release|Any CPU
		{6B750221-BBCF-493A-AC8F-28829BEEBDC2}.Release|Windows Phone (Universal).ActiveCfg = Release|Any CPU
		{6B750221-BBCF-493A-AC8F-28829BEEBDC2}.Release|Windows Phone (Universal).Build.0 = Release|Any CPU
		{6B750221-BBCF-493A-AC8F-28829BEEBDC2}.Release|Windows Phone 8.ActiveCfg = Release|Any CPU
		{6B750221-BBCF-493A-AC8F-28829BEEBDC2}.Release|Windows Phone 8.Build.0 = Release|Any CPU
		{6B750221-BBCF-493A-AC8F-28829BEEBDC2}.Release|Windows-AnyCPU.ActiveCfg = Release|Any CPU
		{6B750221-BBCF-493A-AC8F-28829BEEBDC2}.Release|Windows-AnyCPU.Build.0 = Release|Any CPU
		{6B750221-BBCF-493A-AC8F-28829BEEBDC2}.Release|Windows-ARM.ActiveCfg = Release|Any CPU
		{6B750221-BBCF-493A-AC8F-28829BEEBDC2}.Release|Windows-ARM.Build.0 = Release|Any CPU
		{6B750221-BBCF-493A-AC8F-28829BEEBDC2}.Release|Windows-x64.ActiveCfg = Release|Any CPU
		{6B750221-BBCF-493A-AC8F-28829BEEBDC2}.Release|Windows-x64.Build.0 = Release|Any CPU
		{6B750221-BBCF-493A-AC8F-28829BEEBDC2}.Release|Windows-x86.ActiveCfg = Release|Any CPU
		{6B750221-BBCF-493A-AC8F-28829BEEBDC2}.Release|Windows-x86.Build.0 = Release|Any CPU
		{6B750221-BBCF-493A-AC8F-28829BEEBDC2}.Release|x64.ActiveCfg = Release|Any CPU
		{6B750221-BBCF-493A-AC8F-28829BEEBDC2}.Release|x64.Build.0 = Release|Any CPU
		{6B750221-BBCF-493A-AC8F-28829BEEBDC2}.Release|x86.ActiveCfg = Release|Any CPU
		{6B750221-BBCF-493A-AC8F-28829BEEBDC2}.Release|x86.Build.0 = Release|Any CPU
		{632908B9-27DA-4C81-82C1-F6B8DA05FC9F}.Ad-Hoc|Android.ActiveCfg = Release|x64
		{632908B9-27DA-4C81-82C1-F6B8DA05FC9F}.Ad-Hoc|Android.Build.0 = Release|x64
		{632908B9-27DA-4C81-82C1-F6B8DA05FC9F}.Ad-Hoc|Android.Deploy.0 = Release|x64
		{632908B9-27DA-4C81-82C1-F6B8DA05FC9F}.Ad-Hoc|Any CPU.ActiveCfg = Release|x64
		{632908B9-27DA-4C81-82C1-F6B8DA05FC9F}.Ad-Hoc|Any CPU.Build.0 = Release|x64
		{632908B9-27DA-4C81-82C1-F6B8DA05FC9F}.Ad-Hoc|Any CPU.Deploy.0 = Release|x64
		{632908B9-27DA-4C81-82C1-F6B8DA05FC9F}.Ad-Hoc|ARM.ActiveCfg = Release|ARM
		{632908B9-27DA-4C81-82C1-F6B8DA05FC9F}.Ad-Hoc|ARM.Build.0 = Release|ARM
		{632908B9-27DA-4C81-82C1-F6B8DA05FC9F}.Ad-Hoc|ARM.Deploy.0 = Release|ARM
		{632908B9-27DA-4C81-82C1-F6B8DA05FC9F}.Ad-Hoc|iOS.ActiveCfg = Release|x64
		{632908B9-27DA-4C81-82C1-F6B8DA05FC9F}.Ad-Hoc|iOS.Build.0 = Release|x64
		{632908B9-27DA-4C81-82C1-F6B8DA05FC9F}.Ad-Hoc|iOS.Deploy.0 = Release|x64
		{632908B9-27DA-4C81-82C1-F6B8DA05FC9F}.Ad-Hoc|iPhone.ActiveCfg = Release|x64
		{632908B9-27DA-4C81-82C1-F6B8DA05FC9F}.Ad-Hoc|iPhone.Build.0 = Release|x64
		{632908B9-27DA-4C81-82C1-F6B8DA05FC9F}.Ad-Hoc|iPhone.Deploy.0 = Release|x64
		{632908B9-27DA-4C81-82C1-F6B8DA05FC9F}.Ad-Hoc|iPhoneSimulator.ActiveCfg = Release|x64
		{632908B9-27DA-4C81-82C1-F6B8DA05FC9F}.Ad-Hoc|iPhoneSimulator.Build.0 = Release|x64
		{632908B9-27DA-4C81-82C1-F6B8DA05FC9F}.Ad-Hoc|iPhoneSimulator.Deploy.0 = Release|x64
		{632908B9-27DA-4C81-82C1-F6B8DA05FC9F}.Ad-Hoc|Windows Phone (Universal).ActiveCfg = Release|x64
		{632908B9-27DA-4C81-82C1-F6B8DA05FC9F}.Ad-Hoc|Windows Phone (Universal).Build.0 = Release|x64
		{632908B9-27DA-4C81-82C1-F6B8DA05FC9F}.Ad-Hoc|Windows Phone (Universal).Deploy.0 = Release|x64
		{632908B9-27DA-4C81-82C1-F6B8DA05FC9F}.Ad-Hoc|Windows Phone 8.ActiveCfg = Release|x64
		{632908B9-27DA-4C81-82C1-F6B8DA05FC9F}.Ad-Hoc|Windows Phone 8.Build.0 = Release|x64
		{632908B9-27DA-4C81-82C1-F6B8DA05FC9F}.Ad-Hoc|Windows Phone 8.Deploy.0 = Release|x64
		{632908B9-27DA-4C81-82C1-F6B8DA05FC9F}.Ad-Hoc|Windows-AnyCPU.ActiveCfg = Release|x64
		{632908B9-27DA-4C81-82C1-F6B8DA05FC9F}.Ad-Hoc|Windows-AnyCPU.Build.0 = Release|x64
		{632908B9-27DA-4C81-82C1-F6B8DA05FC9F}.Ad-Hoc|Windows-AnyCPU.Deploy.0 = Release|x64
		{632908B9-27DA-4C81-82C1-F6B8DA05FC9F}.Ad-Hoc|Windows-ARM.ActiveCfg = Release|x64
		{632908B9-27DA-4C81-82C1-F6B8DA05FC9F}.Ad-Hoc|Windows-ARM.Build.0 = Release|x64
		{632908B9-27DA-4C81-82C1-F6B8DA05FC9F}.Ad-Hoc|Windows-ARM.Deploy.0 = Release|x64
		{632908B9-27DA-4C81-82C1-F6B8DA05FC9F}.Ad-Hoc|Windows-x64.ActiveCfg = Release|x64
		{632908B9-27DA-4C81-82C1-F6B8DA05FC9F}.Ad-Hoc|Windows-x64.Build.0 = Release|x64
		{632908B9-27DA-4C81-82C1-F6B8DA05FC9F}.Ad-Hoc|Windows-x64.Deploy.0 = Release|x64
		{632908B9-27DA-4C81-82C1-F6B8DA05FC9F}.Ad-Hoc|Windows-x86.ActiveCfg = Release|x64
		{632908B9-27DA-4C81-82C1-F6B8DA05FC9F}.Ad-Hoc|Windows-x86.Build.0 = Release|x64
		{632908B9-27DA-4C81-82C1-F6B8DA05FC9F}.Ad-Hoc|Windows-x86.Deploy.0 = Release|x64
		{632908B9-27DA-4C81-82C1-F6B8DA05FC9F}.Ad-Hoc|x64.ActiveCfg = Release|x64
		{632908B9-27DA-4C81-82C1-F6B8DA05FC9F}.Ad-Hoc|x64.Build.0 = Release|x64
		{632908B9-27DA-4C81-82C1-F6B8DA05FC9F}.Ad-Hoc|x64.Deploy.0 = Release|x64
		{632908B9-27DA-4C81-82C1-F6B8DA05FC9F}.Ad-Hoc|x86.ActiveCfg = Release|x86
		{632908B9-27DA-4C81-82C1-F6B8DA05FC9F}.Ad-Hoc|x86.Build.0 = Release|x86
		{632908B9-27DA-4C81-82C1-F6B8DA05FC9F}.Ad-Hoc|x86.Deploy.0 = Release|x86
		{632908B9-27DA-4C81-82C1-F6B8DA05FC9F}.AppStore|Android.ActiveCfg = Release|x64
		{632908B9-27DA-4C81-82C1-F6B8DA05FC9F}.AppStore|Android.Build.0 = Release|x64
		{632908B9-27DA-4C81-82C1-F6B8DA05FC9F}.AppStore|Android.Deploy.0 = Release|x64
		{632908B9-27DA-4C81-82C1-F6B8DA05FC9F}.AppStore|Any CPU.ActiveCfg = Release|x64
		{632908B9-27DA-4C81-82C1-F6B8DA05FC9F}.AppStore|Any CPU.Build.0 = Release|x64
		{632908B9-27DA-4C81-82C1-F6B8DA05FC9F}.AppStore|Any CPU.Deploy.0 = Release|x64
		{632908B9-27DA-4C81-82C1-F6B8DA05FC9F}.AppStore|ARM.ActiveCfg = Release|ARM
		{632908B9-27DA-4C81-82C1-F6B8DA05FC9F}.AppStore|ARM.Build.0 = Release|ARM
		{632908B9-27DA-4C81-82C1-F6B8DA05FC9F}.AppStore|ARM.Deploy.0 = Release|ARM
		{632908B9-27DA-4C81-82C1-F6B8DA05FC9F}.AppStore|iOS.ActiveCfg = Release|x64
		{632908B9-27DA-4C81-82C1-F6B8DA05FC9F}.AppStore|iOS.Build.0 = Release|x64
		{632908B9-27DA-4C81-82C1-F6B8DA05FC9F}.AppStore|iOS.Deploy.0 = Release|x64
		{632908B9-27DA-4C81-82C1-F6B8DA05FC9F}.AppStore|iPhone.ActiveCfg = Release|x64
		{632908B9-27DA-4C81-82C1-F6B8DA05FC9F}.AppStore|iPhone.Build.0 = Release|x64
		{632908B9-27DA-4C81-82C1-F6B8DA05FC9F}.AppStore|iPhone.Deploy.0 = Release|x64
		{632908B9-27DA-4C81-82C1-F6B8DA05FC9F}.AppStore|iPhoneSimulator.ActiveCfg = Release|x64
		{632908B9-27DA-4C81-82C1-F6B8DA05FC9F}.AppStore|iPhoneSimulator.Build.0 = Release|x64
		{632908B9-27DA-4C81-82C1-F6B8DA05FC9F}.AppStore|iPhoneSimulator.Deploy.0 = Release|x64
		{632908B9-27DA-4C81-82C1-F6B8DA05FC9F}.AppStore|Windows Phone (Universal).ActiveCfg = Release|x64
		{632908B9-27DA-4C81-82C1-F6B8DA05FC9F}.AppStore|Windows Phone (Universal).Build.0 = Release|x64
		{632908B9-27DA-4C81-82C1-F6B8DA05FC9F}.AppStore|Windows Phone (Universal).Deploy.0 = Release|x64
		{632908B9-27DA-4C81-82C1-F6B8DA05FC9F}.AppStore|Windows Phone 8.ActiveCfg = Release|x64
		{632908B9-27DA-4C81-82C1-F6B8DA05FC9F}.AppStore|Windows Phone 8.Build.0 = Release|x64
		{632908B9-27DA-4C81-82C1-F6B8DA05FC9F}.AppStore|Windows Phone 8.Deploy.0 = Release|x64
		{632908B9-27DA-4C81-82C1-F6B8DA05FC9F}.AppStore|Windows-AnyCPU.ActiveCfg = Release|x64
		{632908B9-27DA-4C81-82C1-F6B8DA05FC9F}.AppStore|Windows-AnyCPU.Build.0 = Release|x64
		{632908B9-27DA-4C81-82C1-F6B8DA05FC9F}.AppStore|Windows-AnyCPU.Deploy.0 = Release|x64
		{632908B9-27DA-4C81-82C1-F6B8DA05FC9F}.AppStore|Windows-ARM.ActiveCfg = Release|x64
		{632908B9-27DA-4C81-82C1-F6B8DA05FC9F}.AppStore|Windows-ARM.Build.0 = Release|x64
		{632908B9-27DA-4C81-82C1-F6B8DA05FC9F}.AppStore|Windows-ARM.Deploy.0 = Release|x64
		{632908B9-27DA-4C81-82C1-F6B8DA05FC9F}.AppStore|Windows-x64.ActiveCfg = Release|x64
		{632908B9-27DA-4C81-82C1-F6B8DA05FC9F}.AppStore|Windows-x64.Build.0 = Release|x64
		{632908B9-27DA-4C81-82C1-F6B8DA05FC9F}.AppStore|Windows-x64.Deploy.0 = Release|x64
		{632908B9-27DA-4C81-82C1-F6B8DA05FC9F}.AppStore|Windows-x86.ActiveCfg = Release|x64
		{632908B9-27DA-4C81-82C1-F6B8DA05FC9F}.AppStore|Windows-x86.Build.0 = Release|x64
		{632908B9-27DA-4C81-82C1-F6B8DA05FC9F}.AppStore|Windows-x86.Deploy.0 = Release|x64
		{632908B9-27DA-4C81-82C1-F6B8DA05FC9F}.AppStore|x64.ActiveCfg = Release|x64
		{632908B9-27DA-4C81-82C1-F6B8DA05FC9F}.AppStore|x64.Build.0 = Release|x64
		{632908B9-27DA-4C81-82C1-F6B8DA05FC9F}.AppStore|x64.Deploy.0 = Release|x64
		{632908B9-27DA-4C81-82C1-F6B8DA05FC9F}.AppStore|x86.ActiveCfg = Release|x86
		{632908B9-27DA-4C81-82C1-F6B8DA05FC9F}.AppStore|x86.Build.0 = Release|x86
		{632908B9-27DA-4C81-82C1-F6B8DA05FC9F}.AppStore|x86.Deploy.0 = Release|x86
		{632908B9-27DA-4C81-82C1-F6B8DA05FC9F}.Debug|Android.ActiveCfg = Debug|x86
		{632908B9-27DA-4C81-82C1-F6B8DA05FC9F}.Debug|Any CPU.ActiveCfg = Debug|x86
		{632908B9-27DA-4C81-82C1-F6B8DA05FC9F}.Debug|ARM.ActiveCfg = Debug|ARM
		{632908B9-27DA-4C81-82C1-F6B8DA05FC9F}.Debug|ARM.Build.0 = Debug|ARM
		{632908B9-27DA-4C81-82C1-F6B8DA05FC9F}.Debug|ARM.Deploy.0 = Debug|ARM
		{632908B9-27DA-4C81-82C1-F6B8DA05FC9F}.Debug|iOS.ActiveCfg = Debug|x86
		{632908B9-27DA-4C81-82C1-F6B8DA05FC9F}.Debug|iPhone.ActiveCfg = Debug|x86
		{632908B9-27DA-4C81-82C1-F6B8DA05FC9F}.Debug|iPhoneSimulator.ActiveCfg = Debug|x86
		{632908B9-27DA-4C81-82C1-F6B8DA05FC9F}.Debug|Windows Phone (Universal).ActiveCfg = Debug|x86
		{632908B9-27DA-4C81-82C1-F6B8DA05FC9F}.Debug|Windows Phone 8.ActiveCfg = Debug|x86
		{632908B9-27DA-4C81-82C1-F6B8DA05FC9F}.Debug|Windows-AnyCPU.ActiveCfg = Debug|x86
		{632908B9-27DA-4C81-82C1-F6B8DA05FC9F}.Debug|Windows-ARM.ActiveCfg = Debug|x86
		{632908B9-27DA-4C81-82C1-F6B8DA05FC9F}.Debug|Windows-x64.ActiveCfg = Debug|x86
		{632908B9-27DA-4C81-82C1-F6B8DA05FC9F}.Debug|Windows-x86.ActiveCfg = Debug|x86
		{632908B9-27DA-4C81-82C1-F6B8DA05FC9F}.Debug|x64.ActiveCfg = Debug|x64
		{632908B9-27DA-4C81-82C1-F6B8DA05FC9F}.Debug|x64.Build.0 = Debug|x64
		{632908B9-27DA-4C81-82C1-F6B8DA05FC9F}.Debug|x64.Deploy.0 = Debug|x64
		{632908B9-27DA-4C81-82C1-F6B8DA05FC9F}.Debug|x86.ActiveCfg = Debug|x86
		{632908B9-27DA-4C81-82C1-F6B8DA05FC9F}.Debug|x86.Build.0 = Debug|x86
		{632908B9-27DA-4C81-82C1-F6B8DA05FC9F}.Debug|x86.Deploy.0 = Debug|x86
		{632908B9-27DA-4C81-82C1-F6B8DA05FC9F}.Release|Android.ActiveCfg = Release|x86
		{632908B9-27DA-4C81-82C1-F6B8DA05FC9F}.Release|Any CPU.ActiveCfg = Release|x86
		{632908B9-27DA-4C81-82C1-F6B8DA05FC9F}.Release|ARM.ActiveCfg = Release|ARM
		{632908B9-27DA-4C81-82C1-F6B8DA05FC9F}.Release|ARM.Build.0 = Release|ARM
		{632908B9-27DA-4C81-82C1-F6B8DA05FC9F}.Release|ARM.Deploy.0 = Release|ARM
		{632908B9-27DA-4C81-82C1-F6B8DA05FC9F}.Release|iOS.ActiveCfg = Release|x86
		{632908B9-27DA-4C81-82C1-F6B8DA05FC9F}.Release|iPhone.ActiveCfg = Release|x86
		{632908B9-27DA-4C81-82C1-F6B8DA05FC9F}.Release|iPhoneSimulator.ActiveCfg = Release|x86
		{632908B9-27DA-4C81-82C1-F6B8DA05FC9F}.Release|Windows Phone (Universal).ActiveCfg = Release|x86
		{632908B9-27DA-4C81-82C1-F6B8DA05FC9F}.Release|Windows Phone 8.ActiveCfg = Release|x86
		{632908B9-27DA-4C81-82C1-F6B8DA05FC9F}.Release|Windows-AnyCPU.ActiveCfg = Release|x86
		{632908B9-27DA-4C81-82C1-F6B8DA05FC9F}.Release|Windows-ARM.ActiveCfg = Release|x86
		{632908B9-27DA-4C81-82C1-F6B8DA05FC9F}.Release|Windows-x64.ActiveCfg = Release|x86
		{632908B9-27DA-4C81-82C1-F6B8DA05FC9F}.Release|Windows-x86.ActiveCfg = Release|x86
		{632908B9-27DA-4C81-82C1-F6B8DA05FC9F}.Release|x64.ActiveCfg = Release|x64
		{632908B9-27DA-4C81-82C1-F6B8DA05FC9F}.Release|x64.Build.0 = Release|x64
		{632908B9-27DA-4C81-82C1-F6B8DA05FC9F}.Release|x64.Deploy.0 = Release|x64
		{632908B9-27DA-4C81-82C1-F6B8DA05FC9F}.Release|x86.ActiveCfg = Release|x86
		{632908B9-27DA-4C81-82C1-F6B8DA05FC9F}.Release|x86.Build.0 = Release|x86
		{632908B9-27DA-4C81-82C1-F6B8DA05FC9F}.Release|x86.Deploy.0 = Release|x86
		{6A053909-20E9-4671-A737-4CC588D37661}.Ad-Hoc|Android.ActiveCfg = Release|Android
		{6A053909-20E9-4671-A737-4CC588D37661}.Ad-Hoc|Android.Build.0 = Release|Android
		{6A053909-20E9-4671-A737-4CC588D37661}.Ad-Hoc|Android.Deploy.0 = Release|Android
		{6A053909-20E9-4671-A737-4CC588D37661}.Ad-Hoc|Any CPU.ActiveCfg = Release|Windows-x86
		{6A053909-20E9-4671-A737-4CC588D37661}.Ad-Hoc|Any CPU.Build.0 = Release|Windows-x86
		{6A053909-20E9-4671-A737-4CC588D37661}.Ad-Hoc|Any CPU.Deploy.0 = Release|Windows-x86
		{6A053909-20E9-4671-A737-4CC588D37661}.Ad-Hoc|ARM.ActiveCfg = Release|Windows-x86
		{6A053909-20E9-4671-A737-4CC588D37661}.Ad-Hoc|ARM.Build.0 = Release|Windows-x86
		{6A053909-20E9-4671-A737-4CC588D37661}.Ad-Hoc|ARM.Deploy.0 = Release|Windows-x86
		{6A053909-20E9-4671-A737-4CC588D37661}.Ad-Hoc|iOS.ActiveCfg = Release|iOS
		{6A053909-20E9-4671-A737-4CC588D37661}.Ad-Hoc|iOS.Build.0 = Release|iOS
		{6A053909-20E9-4671-A737-4CC588D37661}.Ad-Hoc|iOS.Deploy.0 = Release|iOS
		{6A053909-20E9-4671-A737-4CC588D37661}.Ad-Hoc|iPhone.ActiveCfg = Release|Windows-x86
		{6A053909-20E9-4671-A737-4CC588D37661}.Ad-Hoc|iPhone.Build.0 = Release|Windows-x86
		{6A053909-20E9-4671-A737-4CC588D37661}.Ad-Hoc|iPhone.Deploy.0 = Release|Windows-x86
		{6A053909-20E9-4671-A737-4CC588D37661}.Ad-Hoc|iPhoneSimulator.ActiveCfg = Release|Windows-x86
		{6A053909-20E9-4671-A737-4CC588D37661}.Ad-Hoc|iPhoneSimulator.Build.0 = Release|Windows-x86
		{6A053909-20E9-4671-A737-4CC588D37661}.Ad-Hoc|iPhoneSimulator.Deploy.0 = Release|Windows-x86
		{6A053909-20E9-4671-A737-4CC588D37661}.Ad-Hoc|Windows Phone (Universal).ActiveCfg = Release|Windows Phone (Universal)
		{6A053909-20E9-4671-A737-4CC588D37661}.Ad-Hoc|Windows Phone (Universal).Build.0 = Release|Windows Phone (Universal)
		{6A053909-20E9-4671-A737-4CC588D37661}.Ad-Hoc|Windows Phone (Universal).Deploy.0 = Release|Windows Phone (Universal)
		{6A053909-20E9-4671-A737-4CC588D37661}.Ad-Hoc|Windows Phone 8.ActiveCfg = Release|Windows Phone 8
		{6A053909-20E9-4671-A737-4CC588D37661}.Ad-Hoc|Windows Phone 8.Build.0 = Release|Windows Phone 8
		{6A053909-20E9-4671-A737-4CC588D37661}.Ad-Hoc|Windows Phone 8.Deploy.0 = Release|Windows Phone 8
		{6A053909-20E9-4671-A737-4CC588D37661}.Ad-Hoc|Windows-AnyCPU.ActiveCfg = Release|Windows-AnyCPU
		{6A053909-20E9-4671-A737-4CC588D37661}.Ad-Hoc|Windows-AnyCPU.Build.0 = Release|Windows-AnyCPU
		{6A053909-20E9-4671-A737-4CC588D37661}.Ad-Hoc|Windows-AnyCPU.Deploy.0 = Release|Windows-AnyCPU
		{6A053909-20E9-4671-A737-4CC588D37661}.Ad-Hoc|Windows-ARM.ActiveCfg = Release|Windows-ARM
		{6A053909-20E9-4671-A737-4CC588D37661}.Ad-Hoc|Windows-ARM.Build.0 = Release|Windows-ARM
		{6A053909-20E9-4671-A737-4CC588D37661}.Ad-Hoc|Windows-ARM.Deploy.0 = Release|Windows-ARM
		{6A053909-20E9-4671-A737-4CC588D37661}.Ad-Hoc|Windows-x64.ActiveCfg = Release|Windows-x64
		{6A053909-20E9-4671-A737-4CC588D37661}.Ad-Hoc|Windows-x64.Build.0 = Release|Windows-x64
		{6A053909-20E9-4671-A737-4CC588D37661}.Ad-Hoc|Windows-x64.Deploy.0 = Release|Windows-x64
		{6A053909-20E9-4671-A737-4CC588D37661}.Ad-Hoc|Windows-x86.ActiveCfg = Release|Windows-x86
		{6A053909-20E9-4671-A737-4CC588D37661}.Ad-Hoc|Windows-x86.Build.0 = Release|Windows-x86
		{6A053909-20E9-4671-A737-4CC588D37661}.Ad-Hoc|Windows-x86.Deploy.0 = Release|Windows-x86
		{6A053909-20E9-4671-A737-4CC588D37661}.Ad-Hoc|x64.ActiveCfg = Release|Windows-x86
		{6A053909-20E9-4671-A737-4CC588D37661}.Ad-Hoc|x64.Build.0 = Release|Windows-x86
		{6A053909-20E9-4671-A737-4CC588D37661}.Ad-Hoc|x64.Deploy.0 = Release|Windows-x86
		{6A053909-20E9-4671-A737-4CC588D37661}.Ad-Hoc|x86.ActiveCfg = Release|Windows-x86
		{6A053909-20E9-4671-A737-4CC588D37661}.Ad-Hoc|x86.Build.0 = Release|Windows-x86
		{6A053909-20E9-4671-A737-4CC588D37661}.Ad-Hoc|x86.Deploy.0 = Release|Windows-x86
		{6A053909-20E9-4671-A737-4CC588D37661}.AppStore|Android.ActiveCfg = Release|Android
		{6A053909-20E9-4671-A737-4CC588D37661}.AppStore|Android.Build.0 = Release|Android
		{6A053909-20E9-4671-A737-4CC588D37661}.AppStore|Android.Deploy.0 = Release|Android
		{6A053909-20E9-4671-A737-4CC588D37661}.AppStore|Any CPU.ActiveCfg = Release|Windows-x86
		{6A053909-20E9-4671-A737-4CC588D37661}.AppStore|Any CPU.Build.0 = Release|Windows-x86
		{6A053909-20E9-4671-A737-4CC588D37661}.AppStore|Any CPU.Deploy.0 = Release|Windows-x86
		{6A053909-20E9-4671-A737-4CC588D37661}.AppStore|ARM.ActiveCfg = Release|Windows-x86
		{6A053909-20E9-4671-A737-4CC588D37661}.AppStore|ARM.Build.0 = Release|Windows-x86
		{6A053909-20E9-4671-A737-4CC588D37661}.AppStore|ARM.Deploy.0 = Release|Windows-x86
		{6A053909-20E9-4671-A737-4CC588D37661}.AppStore|iOS.ActiveCfg = Release|iOS
		{6A053909-20E9-4671-A737-4CC588D37661}.AppStore|iOS.Build.0 = Release|iOS
		{6A053909-20E9-4671-A737-4CC588D37661}.AppStore|iOS.Deploy.0 = Release|iOS
		{6A053909-20E9-4671-A737-4CC588D37661}.AppStore|iPhone.ActiveCfg = Release|Windows-x86
		{6A053909-20E9-4671-A737-4CC588D37661}.AppStore|iPhone.Build.0 = Release|Windows-x86
		{6A053909-20E9-4671-A737-4CC588D37661}.AppStore|iPhone.Deploy.0 = Release|Windows-x86
		{6A053909-20E9-4671-A737-4CC588D37661}.AppStore|iPhoneSimulator.ActiveCfg = Release|Windows-x86
		{6A053909-20E9-4671-A737-4CC588D37661}.AppStore|iPhoneSimulator.Build.0 = Release|Windows-x86
		{6A053909-20E9-4671-A737-4CC588D37661}.AppStore|iPhoneSimulator.Deploy.0 = Release|Windows-x86
		{6A053909-20E9-4671-A737-4CC588D37661}.AppStore|Windows Phone (Universal).ActiveCfg = Release|Windows Phone (Universal)
		{6A053909-20E9-4671-A737-4CC588D37661}.AppStore|Windows Phone (Universal).Build.0 = Release|Windows Phone (Universal)
		{6A053909-20E9-4671-A737-4CC588D37661}.AppStore|Windows Phone (Universal).Deploy.0 = Release|Windows Phone (Universal)
		{6A053909-20E9-4671-A737-4CC588D37661}.AppStore|Windows Phone 8.ActiveCfg = Release|Windows Phone 8
		{6A053909-20E9-4671-A737-4CC588D37661}.AppStore|Windows Phone 8.Build.0 = Release|Windows Phone 8
		{6A053909-20E9-4671-A737-4CC588D37661}.AppStore|Windows Phone 8.Deploy.0 = Release|Windows Phone 8
		{6A053909-20E9-4671-A737-4CC588D37661}.AppStore|Windows-AnyCPU.ActiveCfg = Release|Windows-AnyCPU
		{6A053909-20E9-4671-A737-4CC588D37661}.AppStore|Windows-AnyCPU.Build.0 = Release|Windows-AnyCPU
		{6A053909-20E9-4671-A737-4CC588D37661}.AppStore|Windows-AnyCPU.Deploy.0 = Release|Windows-AnyCPU
		{6A053909-20E9-4671-A737-4CC588D37661}.AppStore|Windows-ARM.ActiveCfg = Release|Windows-ARM
		{6A053909-20E9-4671-A737-4CC588D37661}.AppStore|Windows-ARM.Build.0 = Release|Windows-ARM
		{6A053909-20E9-4671-A737-4CC588D37661}.AppStore|Windows-ARM.Deploy.0 = Release|Windows-ARM
		{6A053909-20E9-4671-A737-4CC588D37661}.AppStore|Windows-x64.ActiveCfg = Release|Windows-x64
		{6A053909-20E9-4671-A737-4CC588D37661}.AppStore|Windows-x64.Build.0 = Release|Windows-x64
		{6A053909-20E9-4671-A737-4CC588D37661}.AppStore|Windows-x64.Deploy.0 = Release|Windows-x64
		{6A053909-20E9-4671-A737-4CC588D37661}.AppStore|Windows-x86.ActiveCfg = Release|Windows-x86
		{6A053909-20E9-4671-A737-4CC588D37661}.AppStore|Windows-x86.Build.0 = Release|Windows-x86
		{6A053909-20E9-4671-A737-4CC588D37661}.AppStore|Windows-x86.Deploy.0 = Release|Windows-x86
		{6A053909-20E9-4671-A737-4CC588D37661}.AppStore|x64.ActiveCfg = Release|Windows-x86
		{6A053909-20E9-4671-A737-4CC588D37661}.AppStore|x64.Build.0 = Release|Windows-x86
		{6A053909-20E9-4671-A737-4CC588D37661}.AppStore|x64.Deploy.0 = Release|Windows-x86
		{6A053909-20E9-4671-A737-4CC588D37661}.AppStore|x86.ActiveCfg = Release|Windows-x86
		{6A053909-20E9-4671-A737-4CC588D37661}.AppStore|x86.Build.0 = Release|Windows-x86
		{6A053909-20E9-4671-A737-4CC588D37661}.AppStore|x86.Deploy.0 = Release|Windows-x86
		{6A053909-20E9-4671-A737-4CC588D37661}.Debug|Android.ActiveCfg = Debug|Android
		{6A053909-20E9-4671-A737-4CC588D37661}.Debug|Android.Build.0 = Debug|Android
		{6A053909-20E9-4671-A737-4CC588D37661}.Debug|Android.Deploy.0 = Debug|Android
		{6A053909-20E9-4671-A737-4CC588D37661}.Debug|Any CPU.ActiveCfg = Debug|Android
		{6A053909-20E9-4671-A737-4CC588D37661}.Debug|ARM.ActiveCfg = Debug|Windows-ARM
		{6A053909-20E9-4671-A737-4CC588D37661}.Debug|iOS.ActiveCfg = Debug|iOS
		{6A053909-20E9-4671-A737-4CC588D37661}.Debug|iOS.Build.0 = Debug|iOS
		{6A053909-20E9-4671-A737-4CC588D37661}.Debug|iOS.Deploy.0 = Debug|iOS
		{6A053909-20E9-4671-A737-4CC588D37661}.Debug|iPhone.ActiveCfg = Debug|iOS
		{6A053909-20E9-4671-A737-4CC588D37661}.Debug|iPhoneSimulator.ActiveCfg = Debug|iOS
		{6A053909-20E9-4671-A737-4CC588D37661}.Debug|Windows Phone (Universal).ActiveCfg = Debug|Windows Phone (Universal)
		{6A053909-20E9-4671-A737-4CC588D37661}.Debug|Windows Phone (Universal).Build.0 = Debug|Windows Phone (Universal)
		{6A053909-20E9-4671-A737-4CC588D37661}.Debug|Windows Phone (Universal).Deploy.0 = Debug|Windows Phone (Universal)
		{6A053909-20E9-4671-A737-4CC588D37661}.Debug|Windows Phone 8.ActiveCfg = Debug|Windows Phone 8
		{6A053909-20E9-4671-A737-4CC588D37661}.Debug|Windows Phone 8.Build.0 = Debug|Windows Phone 8
		{6A053909-20E9-4671-A737-4CC588D37661}.Debug|Windows Phone 8.Deploy.0 = Debug|Windows Phone 8
		{6A053909-20E9-4671-A737-4CC588D37661}.Debug|Windows-AnyCPU.ActiveCfg = Debug|Windows-AnyCPU
		{6A053909-20E9-4671-A737-4CC588D37661}.Debug|Windows-AnyCPU.Build.0 = Debug|Windows-AnyCPU
		{6A053909-20E9-4671-A737-4CC588D37661}.Debug|Windows-AnyCPU.Deploy.0 = Debug|Windows-AnyCPU
		{6A053909-20E9-4671-A737-4CC588D37661}.Debug|Windows-ARM.ActiveCfg = Debug|Windows-ARM
		{6A053909-20E9-4671-A737-4CC588D37661}.Debug|Windows-ARM.Build.0 = Debug|Windows-ARM
		{6A053909-20E9-4671-A737-4CC588D37661}.Debug|Windows-ARM.Deploy.0 = Debug|Windows-ARM
		{6A053909-20E9-4671-A737-4CC588D37661}.Debug|Windows-x64.ActiveCfg = Debug|Windows-x64
		{6A053909-20E9-4671-A737-4CC588D37661}.Debug|Windows-x64.Build.0 = Debug|Windows-x64
		{6A053909-20E9-4671-A737-4CC588D37661}.Debug|Windows-x64.Deploy.0 = Debug|Windows-x64
		{6A053909-20E9-4671-A737-4CC588D37661}.Debug|Windows-x86.ActiveCfg = Debug|Windows-x86
		{6A053909-20E9-4671-A737-4CC588D37661}.Debug|Windows-x86.Build.0 = Debug|Windows-x86
		{6A053909-20E9-4671-A737-4CC588D37661}.Debug|Windows-x86.Deploy.0 = Debug|Windows-x86
		{6A053909-20E9-4671-A737-4CC588D37661}.Debug|x64.ActiveCfg = Debug|Windows-x64
		{6A053909-20E9-4671-A737-4CC588D37661}.Debug|x86.ActiveCfg = Debug|Windows-x86
		{6A053909-20E9-4671-A737-4CC588D37661}.Release|Android.ActiveCfg = Release|Android
		{6A053909-20E9-4671-A737-4CC588D37661}.Release|Android.Build.0 = Release|Android
		{6A053909-20E9-4671-A737-4CC588D37661}.Release|Android.Deploy.0 = Release|Android
		{6A053909-20E9-4671-A737-4CC588D37661}.Release|Any CPU.ActiveCfg = Release|Android
		{6A053909-20E9-4671-A737-4CC588D37661}.Release|ARM.ActiveCfg = Release|Windows-ARM
		{6A053909-20E9-4671-A737-4CC588D37661}.Release|iOS.ActiveCfg = Release|iOS
		{6A053909-20E9-4671-A737-4CC588D37661}.Release|iOS.Build.0 = Release|iOS
		{6A053909-20E9-4671-A737-4CC588D37661}.Release|iOS.Deploy.0 = Release|iOS
		{6A053909-20E9-4671-A737-4CC588D37661}.Release|iPhone.ActiveCfg = Release|iOS
		{6A053909-20E9-4671-A737-4CC588D37661}.Release|iPhoneSimulator.ActiveCfg = Release|iOS
		{6A053909-20E9-4671-A737-4CC588D37661}.Release|Windows Phone (Universal).ActiveCfg = Release|Windows Phone (Universal)
		{6A053909-20E9-4671-A737-4CC588D37661}.Release|Windows Phone (Universal).Build.0 = Release|Windows Phone (Universal)
		{6A053909-20E9-4671-A737-4CC588D37661}.Release|Windows Phone (Universal).Deploy.0 = Release|Windows Phone (Universal)
		{6A053909-20E9-4671-A737-4CC588D37661}.Release|Windows Phone 8.ActiveCfg = Release|Windows Phone 8
		{6A053909-20E9-4671-A737-4CC588D37661}.Release|Windows Phone 8.Build.0 = Release|Windows Phone 8
		{6A053909-20E9-4671-A737-4CC588D37661}.Release|Windows Phone 8.Deploy.0 = Release|Windows Phone 8
		{6A053909-20E9-4671-A737-4CC588D37661}.Release|Windows-AnyCPU.ActiveCfg = Release|Windows-AnyCPU
		{6A053909-20E9-4671-A737-4CC588D37661}.Release|Windows-AnyCPU.Build.0 = Release|Windows-AnyCPU
		{6A053909-20E9-4671-A737-4CC588D37661}.Release|Windows-AnyCPU.Deploy.0 = Release|Windows-AnyCPU
		{6A053909-20E9-4671-A737-4CC588D37661}.Release|Windows-ARM.ActiveCfg = Release|Windows-ARM
		{6A053909-20E9-4671-A737-4CC588D37661}.Release|Windows-ARM.Build.0 = Release|Windows-ARM
		{6A053909-20E9-4671-A737-4CC588D37661}.Release|Windows-ARM.Deploy.0 = Release|Windows-ARM
		{6A053909-20E9-4671-A737-4CC588D37661}.Release|Windows-x64.ActiveCfg = Release|Windows-x64
		{6A053909-20E9-4671-A737-4CC588D37661}.Release|Windows-x64.Build.0 = Release|Windows-x64
		{6A053909-20E9-4671-A737-4CC588D37661}.Release|Windows-x64.Deploy.0 = Release|Windows-x64
		{6A053909-20E9-4671-A737-4CC588D37661}.Release|Windows-x86.ActiveCfg = Release|Windows-x86
		{6A053909-20E9-4671-A737-4CC588D37661}.Release|Windows-x86.Build.0 = Release|Windows-x86
		{6A053909-20E9-4671-A737-4CC588D37661}.Release|Windows-x86.Deploy.0 = Release|Windows-x86
		{6A053909-20E9-4671-A737-4CC588D37661}.Release|x64.ActiveCfg = Release|Windows-x64
		{6A053909-20E9-4671-A737-4CC588D37661}.Release|x86.ActiveCfg = Release|Windows-x86
		{A8455D77-2D23-46A9-95EE-8B0706BB7E59}.Ad-Hoc|Android.ActiveCfg = Release|Any CPU
		{A8455D77-2D23-46A9-95EE-8B0706BB7E59}.Ad-Hoc|Android.Build.0 = Release|Any CPU
		{A8455D77-2D23-46A9-95EE-8B0706BB7E59}.Ad-Hoc|Any CPU.ActiveCfg = Release|Any CPU
		{A8455D77-2D23-46A9-95EE-8B0706BB7E59}.Ad-Hoc|Any CPU.Build.0 = Release|Any CPU
		{A8455D77-2D23-46A9-95EE-8B0706BB7E59}.Ad-Hoc|ARM.ActiveCfg = Release|Any CPU
		{A8455D77-2D23-46A9-95EE-8B0706BB7E59}.Ad-Hoc|ARM.Build.0 = Release|Any CPU
		{A8455D77-2D23-46A9-95EE-8B0706BB7E59}.Ad-Hoc|iOS.ActiveCfg = Release|Any CPU
		{A8455D77-2D23-46A9-95EE-8B0706BB7E59}.Ad-Hoc|iOS.Build.0 = Release|Any CPU
		{A8455D77-2D23-46A9-95EE-8B0706BB7E59}.Ad-Hoc|iPhone.ActiveCfg = Release|Any CPU
		{A8455D77-2D23-46A9-95EE-8B0706BB7E59}.Ad-Hoc|iPhone.Build.0 = Release|Any CPU
		{A8455D77-2D23-46A9-95EE-8B0706BB7E59}.Ad-Hoc|iPhoneSimulator.ActiveCfg = Release|Any CPU
		{A8455D77-2D23-46A9-95EE-8B0706BB7E59}.Ad-Hoc|iPhoneSimulator.Build.0 = Release|Any CPU
		{A8455D77-2D23-46A9-95EE-8B0706BB7E59}.Ad-Hoc|Windows Phone (Universal).ActiveCfg = Release|Any CPU
		{A8455D77-2D23-46A9-95EE-8B0706BB7E59}.Ad-Hoc|Windows Phone (Universal).Build.0 = Release|Any CPU
		{A8455D77-2D23-46A9-95EE-8B0706BB7E59}.Ad-Hoc|Windows Phone 8.ActiveCfg = Release|Any CPU
		{A8455D77-2D23-46A9-95EE-8B0706BB7E59}.Ad-Hoc|Windows Phone 8.Build.0 = Release|Any CPU
		{A8455D77-2D23-46A9-95EE-8B0706BB7E59}.Ad-Hoc|Windows-AnyCPU.ActiveCfg = Release|Any CPU
		{A8455D77-2D23-46A9-95EE-8B0706BB7E59}.Ad-Hoc|Windows-AnyCPU.Build.0 = Release|Any CPU
		{A8455D77-2D23-46A9-95EE-8B0706BB7E59}.Ad-Hoc|Windows-ARM.ActiveCfg = Release|Any CPU
		{A8455D77-2D23-46A9-95EE-8B0706BB7E59}.Ad-Hoc|Windows-ARM.Build.0 = Release|Any CPU
		{A8455D77-2D23-46A9-95EE-8B0706BB7E59}.Ad-Hoc|Windows-x64.ActiveCfg = Release|Any CPU
		{A8455D77-2D23-46A9-95EE-8B0706BB7E59}.Ad-Hoc|Windows-x64.Build.0 = Release|Any CPU
		{A8455D77-2D23-46A9-95EE-8B0706BB7E59}.Ad-Hoc|Windows-x86.ActiveCfg = Release|Any CPU
		{A8455D77-2D23-46A9-95EE-8B0706BB7E59}.Ad-Hoc|Windows-x86.Build.0 = Release|Any CPU
		{A8455D77-2D23-46A9-95EE-8B0706BB7E59}.Ad-Hoc|x64.ActiveCfg = Release|Any CPU
		{A8455D77-2D23-46A9-95EE-8B0706BB7E59}.Ad-Hoc|x64.Build.0 = Release|Any CPU
		{A8455D77-2D23-46A9-95EE-8B0706BB7E59}.Ad-Hoc|x86.ActiveCfg = Release|Any CPU
		{A8455D77-2D23-46A9-95EE-8B0706BB7E59}.Ad-Hoc|x86.Build.0 = Release|Any CPU
		{A8455D77-2D23-46A9-95EE-8B0706BB7E59}.AppStore|Android.ActiveCfg = Release|Any CPU
		{A8455D77-2D23-46A9-95EE-8B0706BB7E59}.AppStore|Android.Build.0 = Release|Any CPU
		{A8455D77-2D23-46A9-95EE-8B0706BB7E59}.AppStore|Any CPU.ActiveCfg = Release|Any CPU
		{A8455D77-2D23-46A9-95EE-8B0706BB7E59}.AppStore|Any CPU.Build.0 = Release|Any CPU
		{A8455D77-2D23-46A9-95EE-8B0706BB7E59}.AppStore|ARM.ActiveCfg = Release|Any CPU
		{A8455D77-2D23-46A9-95EE-8B0706BB7E59}.AppStore|ARM.Build.0 = Release|Any CPU
		{A8455D77-2D23-46A9-95EE-8B0706BB7E59}.AppStore|iOS.ActiveCfg = Release|Any CPU
		{A8455D77-2D23-46A9-95EE-8B0706BB7E59}.AppStore|iOS.Build.0 = Release|Any CPU
		{A8455D77-2D23-46A9-95EE-8B0706BB7E59}.AppStore|iPhone.ActiveCfg = Release|Any CPU
		{A8455D77-2D23-46A9-95EE-8B0706BB7E59}.AppStore|iPhone.Build.0 = Release|Any CPU
		{A8455D77-2D23-46A9-95EE-8B0706BB7E59}.AppStore|iPhoneSimulator.ActiveCfg = Release|Any CPU
		{A8455D77-2D23-46A9-95EE-8B0706BB7E59}.AppStore|iPhoneSimulator.Build.0 = Release|Any CPU
		{A8455D77-2D23-46A9-95EE-8B0706BB7E59}.AppStore|Windows Phone (Universal).ActiveCfg = Release|Any CPU
		{A8455D77-2D23-46A9-95EE-8B0706BB7E59}.AppStore|Windows Phone (Universal).Build.0 = Release|Any CPU
		{A8455D77-2D23-46A9-95EE-8B0706BB7E59}.AppStore|Windows Phone 8.ActiveCfg = Release|Any CPU
		{A8455D77-2D23-46A9-95EE-8B0706BB7E59}.AppStore|Windows Phone 8.Build.0 = Release|Any CPU
		{A8455D77-2D23-46A9-95EE-8B0706BB7E59}.AppStore|Windows-AnyCPU.ActiveCfg = Release|Any CPU
		{A8455D77-2D23-46A9-95EE-8B0706BB7E59}.AppStore|Windows-AnyCPU.Build.0 = Release|Any CPU
		{A8455D77-2D23-46A9-95EE-8B0706BB7E59}.AppStore|Windows-ARM.ActiveCfg = Release|Any CPU
		{A8455D77-2D23-46A9-95EE-8B0706BB7E59}.AppStore|Windows-ARM.Build.0 = Release|Any CPU
		{A8455D77-2D23-46A9-95EE-8B0706BB7E59}.AppStore|Windows-x64.ActiveCfg = Release|Any CPU
		{A8455D77-2D23-46A9-95EE-8B0706BB7E59}.AppStore|Windows-x64.Build.0 = Release|Any CPU
		{A8455D77-2D23-46A9-95EE-8B0706BB7E59}.AppStore|Windows-x86.ActiveCfg = Release|Any CPU
		{A8455D77-2D23-46A9-95EE-8B0706BB7E59}.AppStore|Windows-x86.Build.0 = Release|Any CPU
		{A8455D77-2D23-46A9-95EE-8B0706BB7E59}.AppStore|x64.ActiveCfg = Release|Any CPU
		{A8455D77-2D23-46A9-95EE-8B0706BB7E59}.AppStore|x64.Build.0 = Release|Any CPU
		{A8455D77-2D23-46A9-95EE-8B0706BB7E59}.AppStore|x86.ActiveCfg = Release|Any CPU
		{A8455D77-2D23-46A9-95EE-8B0706BB7E59}.AppStore|x86.Build.0 = Release|Any CPU
		{A8455D77-2D23-46A9-95EE-8B0706BB7E59}.Debug|Android.ActiveCfg = Debug|Any CPU
		{A8455D77-2D23-46A9-95EE-8B0706BB7E59}.Debug|Android.Build.0 = Debug|Any CPU
		{A8455D77-2D23-46A9-95EE-8B0706BB7E59}.Debug|Any CPU.ActiveCfg = Debug|Any CPU
		{A8455D77-2D23-46A9-95EE-8B0706BB7E59}.Debug|Any CPU.Build.0 = Debug|Any CPU
		{A8455D77-2D23-46A9-95EE-8B0706BB7E59}.Debug|ARM.ActiveCfg = Debug|Any CPU
		{A8455D77-2D23-46A9-95EE-8B0706BB7E59}.Debug|ARM.Build.0 = Debug|Any CPU
		{A8455D77-2D23-46A9-95EE-8B0706BB7E59}.Debug|iOS.ActiveCfg = Debug|Any CPU
		{A8455D77-2D23-46A9-95EE-8B0706BB7E59}.Debug|iOS.Build.0 = Debug|Any CPU
		{A8455D77-2D23-46A9-95EE-8B0706BB7E59}.Debug|iPhone.ActiveCfg = Debug|Any CPU
		{A8455D77-2D23-46A9-95EE-8B0706BB7E59}.Debug|iPhone.Build.0 = Debug|Any CPU
		{A8455D77-2D23-46A9-95EE-8B0706BB7E59}.Debug|iPhoneSimulator.ActiveCfg = Debug|Any CPU
		{A8455D77-2D23-46A9-95EE-8B0706BB7E59}.Debug|iPhoneSimulator.Build.0 = Debug|Any CPU
		{A8455D77-2D23-46A9-95EE-8B0706BB7E59}.Debug|Windows Phone (Universal).ActiveCfg = Debug|Any CPU
		{A8455D77-2D23-46A9-95EE-8B0706BB7E59}.Debug|Windows Phone (Universal).Build.0 = Debug|Any CPU
		{A8455D77-2D23-46A9-95EE-8B0706BB7E59}.Debug|Windows Phone 8.ActiveCfg = Debug|Any CPU
		{A8455D77-2D23-46A9-95EE-8B0706BB7E59}.Debug|Windows Phone 8.Build.0 = Debug|Any CPU
		{A8455D77-2D23-46A9-95EE-8B0706BB7E59}.Debug|Windows-AnyCPU.ActiveCfg = Debug|Any CPU
		{A8455D77-2D23-46A9-95EE-8B0706BB7E59}.Debug|Windows-AnyCPU.Build.0 = Debug|Any CPU
		{A8455D77-2D23-46A9-95EE-8B0706BB7E59}.Debug|Windows-ARM.ActiveCfg = Debug|Any CPU
		{A8455D77-2D23-46A9-95EE-8B0706BB7E59}.Debug|Windows-ARM.Build.0 = Debug|Any CPU
		{A8455D77-2D23-46A9-95EE-8B0706BB7E59}.Debug|Windows-x64.ActiveCfg = Debug|Any CPU
		{A8455D77-2D23-46A9-95EE-8B0706BB7E59}.Debug|Windows-x64.Build.0 = Debug|Any CPU
		{A8455D77-2D23-46A9-95EE-8B0706BB7E59}.Debug|Windows-x86.ActiveCfg = Debug|Any CPU
		{A8455D77-2D23-46A9-95EE-8B0706BB7E59}.Debug|Windows-x86.Build.0 = Debug|Any CPU
		{A8455D77-2D23-46A9-95EE-8B0706BB7E59}.Debug|x64.ActiveCfg = Debug|Any CPU
		{A8455D77-2D23-46A9-95EE-8B0706BB7E59}.Debug|x64.Build.0 = Debug|Any CPU
		{A8455D77-2D23-46A9-95EE-8B0706BB7E59}.Debug|x86.ActiveCfg = Debug|Any CPU
		{A8455D77-2D23-46A9-95EE-8B0706BB7E59}.Debug|x86.Build.0 = Debug|Any CPU
		{A8455D77-2D23-46A9-95EE-8B0706BB7E59}.Release|Android.ActiveCfg = Release|Any CPU
		{A8455D77-2D23-46A9-95EE-8B0706BB7E59}.Release|Android.Build.0 = Release|Any CPU
		{A8455D77-2D23-46A9-95EE-8B0706BB7E59}.Release|Any CPU.ActiveCfg = Release|Any CPU
		{A8455D77-2D23-46A9-95EE-8B0706BB7E59}.Release|Any CPU.Build.0 = Release|Any CPU
		{A8455D77-2D23-46A9-95EE-8B0706BB7E59}.Release|ARM.ActiveCfg = Release|Any CPU
		{A8455D77-2D23-46A9-95EE-8B0706BB7E59}.Release|ARM.Build.0 = Release|Any CPU
		{A8455D77-2D23-46A9-95EE-8B0706BB7E59}.Release|iOS.ActiveCfg = Release|Any CPU
		{A8455D77-2D23-46A9-95EE-8B0706BB7E59}.Release|iOS.Build.0 = Release|Any CPU
		{A8455D77-2D23-46A9-95EE-8B0706BB7E59}.Release|iPhone.ActiveCfg = Release|Any CPU
		{A8455D77-2D23-46A9-95EE-8B0706BB7E59}.Release|iPhone.Build.0 = Release|Any CPU
		{A8455D77-2D23-46A9-95EE-8B0706BB7E59}.Release|iPhoneSimulator.ActiveCfg = Release|Any CPU
		{A8455D77-2D23-46A9-95EE-8B0706BB7E59}.Release|iPhoneSimulator.Build.0 = Release|Any CPU
		{A8455D77-2D23-46A9-95EE-8B0706BB7E59}.Release|Windows Phone (Universal).ActiveCfg = Release|Any CPU
		{A8455D77-2D23-46A9-95EE-8B0706BB7E59}.Release|Windows Phone (Universal).Build.0 = Release|Any CPU
		{A8455D77-2D23-46A9-95EE-8B0706BB7E59}.Release|Windows Phone 8.ActiveCfg = Release|Any CPU
		{A8455D77-2D23-46A9-95EE-8B0706BB7E59}.Release|Windows Phone 8.Build.0 = Release|Any CPU
		{A8455D77-2D23-46A9-95EE-8B0706BB7E59}.Release|Windows-AnyCPU.ActiveCfg = Release|Any CPU
		{A8455D77-2D23-46A9-95EE-8B0706BB7E59}.Release|Windows-AnyCPU.Build.0 = Release|Any CPU
		{A8455D77-2D23-46A9-95EE-8B0706BB7E59}.Release|Windows-ARM.ActiveCfg = Release|Any CPU
		{A8455D77-2D23-46A9-95EE-8B0706BB7E59}.Release|Windows-ARM.Build.0 = Release|Any CPU
		{A8455D77-2D23-46A9-95EE-8B0706BB7E59}.Release|Windows-x64.ActiveCfg = Release|Any CPU
		{A8455D77-2D23-46A9-95EE-8B0706BB7E59}.Release|Windows-x64.Build.0 = Release|Any CPU
		{A8455D77-2D23-46A9-95EE-8B0706BB7E59}.Release|Windows-x86.ActiveCfg = Release|Any CPU
		{A8455D77-2D23-46A9-95EE-8B0706BB7E59}.Release|Windows-x86.Build.0 = Release|Any CPU
		{A8455D77-2D23-46A9-95EE-8B0706BB7E59}.Release|x64.ActiveCfg = Release|Any CPU
		{A8455D77-2D23-46A9-95EE-8B0706BB7E59}.Release|x64.Build.0 = Release|Any CPU
		{A8455D77-2D23-46A9-95EE-8B0706BB7E59}.Release|x86.ActiveCfg = Release|Any CPU
		{A8455D77-2D23-46A9-95EE-8B0706BB7E59}.Release|x86.Build.0 = Release|Any CPU
		{93DF91AC-BD65-41A1-8F06-6FC1240E578A}.Ad-Hoc|Android.ActiveCfg = Release|Any CPU
		{93DF91AC-BD65-41A1-8F06-6FC1240E578A}.Ad-Hoc|Android.Build.0 = Release|Any CPU
		{93DF91AC-BD65-41A1-8F06-6FC1240E578A}.Ad-Hoc|Any CPU.ActiveCfg = Release|Any CPU
		{93DF91AC-BD65-41A1-8F06-6FC1240E578A}.Ad-Hoc|Any CPU.Build.0 = Release|Any CPU
		{93DF91AC-BD65-41A1-8F06-6FC1240E578A}.Ad-Hoc|ARM.ActiveCfg = Release|Any CPU
		{93DF91AC-BD65-41A1-8F06-6FC1240E578A}.Ad-Hoc|ARM.Build.0 = Release|Any CPU
		{93DF91AC-BD65-41A1-8F06-6FC1240E578A}.Ad-Hoc|iOS.ActiveCfg = Release|Any CPU
		{93DF91AC-BD65-41A1-8F06-6FC1240E578A}.Ad-Hoc|iOS.Build.0 = Release|Any CPU
		{93DF91AC-BD65-41A1-8F06-6FC1240E578A}.Ad-Hoc|iPhone.ActiveCfg = Release|Any CPU
		{93DF91AC-BD65-41A1-8F06-6FC1240E578A}.Ad-Hoc|iPhone.Build.0 = Release|Any CPU
		{93DF91AC-BD65-41A1-8F06-6FC1240E578A}.Ad-Hoc|iPhoneSimulator.ActiveCfg = Release|Any CPU
		{93DF91AC-BD65-41A1-8F06-6FC1240E578A}.Ad-Hoc|iPhoneSimulator.Build.0 = Release|Any CPU
		{93DF91AC-BD65-41A1-8F06-6FC1240E578A}.Ad-Hoc|Windows Phone (Universal).ActiveCfg = Release|Any CPU
		{93DF91AC-BD65-41A1-8F06-6FC1240E578A}.Ad-Hoc|Windows Phone (Universal).Build.0 = Release|Any CPU
		{93DF91AC-BD65-41A1-8F06-6FC1240E578A}.Ad-Hoc|Windows Phone 8.ActiveCfg = Release|Any CPU
		{93DF91AC-BD65-41A1-8F06-6FC1240E578A}.Ad-Hoc|Windows Phone 8.Build.0 = Release|Any CPU
		{93DF91AC-BD65-41A1-8F06-6FC1240E578A}.Ad-Hoc|Windows-AnyCPU.ActiveCfg = Release|Any CPU
		{93DF91AC-BD65-41A1-8F06-6FC1240E578A}.Ad-Hoc|Windows-AnyCPU.Build.0 = Release|Any CPU
		{93DF91AC-BD65-41A1-8F06-6FC1240E578A}.Ad-Hoc|Windows-ARM.ActiveCfg = Release|Any CPU
		{93DF91AC-BD65-41A1-8F06-6FC1240E578A}.Ad-Hoc|Windows-ARM.Build.0 = Release|Any CPU
		{93DF91AC-BD65-41A1-8F06-6FC1240E578A}.Ad-Hoc|Windows-x64.ActiveCfg = Release|Any CPU
		{93DF91AC-BD65-41A1-8F06-6FC1240E578A}.Ad-Hoc|Windows-x64.Build.0 = Release|Any CPU
		{93DF91AC-BD65-41A1-8F06-6FC1240E578A}.Ad-Hoc|Windows-x86.ActiveCfg = Release|Any CPU
		{93DF91AC-BD65-41A1-8F06-6FC1240E578A}.Ad-Hoc|Windows-x86.Build.0 = Release|Any CPU
		{93DF91AC-BD65-41A1-8F06-6FC1240E578A}.Ad-Hoc|x64.ActiveCfg = Release|Any CPU
		{93DF91AC-BD65-41A1-8F06-6FC1240E578A}.Ad-Hoc|x64.Build.0 = Release|Any CPU
		{93DF91AC-BD65-41A1-8F06-6FC1240E578A}.Ad-Hoc|x86.ActiveCfg = Release|Any CPU
		{93DF91AC-BD65-41A1-8F06-6FC1240E578A}.Ad-Hoc|x86.Build.0 = Release|Any CPU
		{93DF91AC-BD65-41A1-8F06-6FC1240E578A}.AppStore|Android.ActiveCfg = Release|Any CPU
		{93DF91AC-BD65-41A1-8F06-6FC1240E578A}.AppStore|Android.Build.0 = Release|Any CPU
		{93DF91AC-BD65-41A1-8F06-6FC1240E578A}.AppStore|Any CPU.ActiveCfg = Release|Any CPU
		{93DF91AC-BD65-41A1-8F06-6FC1240E578A}.AppStore|Any CPU.Build.0 = Release|Any CPU
		{93DF91AC-BD65-41A1-8F06-6FC1240E578A}.AppStore|ARM.ActiveCfg = Release|Any CPU
		{93DF91AC-BD65-41A1-8F06-6FC1240E578A}.AppStore|ARM.Build.0 = Release|Any CPU
		{93DF91AC-BD65-41A1-8F06-6FC1240E578A}.AppStore|iOS.ActiveCfg = Release|Any CPU
		{93DF91AC-BD65-41A1-8F06-6FC1240E578A}.AppStore|iOS.Build.0 = Release|Any CPU
		{93DF91AC-BD65-41A1-8F06-6FC1240E578A}.AppStore|iPhone.ActiveCfg = Release|Any CPU
		{93DF91AC-BD65-41A1-8F06-6FC1240E578A}.AppStore|iPhone.Build.0 = Release|Any CPU
		{93DF91AC-BD65-41A1-8F06-6FC1240E578A}.AppStore|iPhoneSimulator.ActiveCfg = Release|Any CPU
		{93DF91AC-BD65-41A1-8F06-6FC1240E578A}.AppStore|iPhoneSimulator.Build.0 = Release|Any CPU
		{93DF91AC-BD65-41A1-8F06-6FC1240E578A}.AppStore|Windows Phone (Universal).ActiveCfg = Release|Any CPU
		{93DF91AC-BD65-41A1-8F06-6FC1240E578A}.AppStore|Windows Phone (Universal).Build.0 = Release|Any CPU
		{93DF91AC-BD65-41A1-8F06-6FC1240E578A}.AppStore|Windows Phone 8.ActiveCfg = Release|Any CPU
		{93DF91AC-BD65-41A1-8F06-6FC1240E578A}.AppStore|Windows Phone 8.Build.0 = Release|Any CPU
		{93DF91AC-BD65-41A1-8F06-6FC1240E578A}.AppStore|Windows-AnyCPU.ActiveCfg = Release|Any CPU
		{93DF91AC-BD65-41A1-8F06-6FC1240E578A}.AppStore|Windows-AnyCPU.Build.0 = Release|Any CPU
		{93DF91AC-BD65-41A1-8F06-6FC1240E578A}.AppStore|Windows-ARM.ActiveCfg = Release|Any CPU
		{93DF91AC-BD65-41A1-8F06-6FC1240E578A}.AppStore|Windows-ARM.Build.0 = Release|Any CPU
		{93DF91AC-BD65-41A1-8F06-6FC1240E578A}.AppStore|Windows-x64.ActiveCfg = Release|Any CPU
		{93DF91AC-BD65-41A1-8F06-6FC1240E578A}.AppStore|Windows-x64.Build.0 = Release|Any CPU
		{93DF91AC-BD65-41A1-8F06-6FC1240E578A}.AppStore|Windows-x86.ActiveCfg = Release|Any CPU
		{93DF91AC-BD65-41A1-8F06-6FC1240E578A}.AppStore|Windows-x86.Build.0 = Release|Any CPU
		{93DF91AC-BD65-41A1-8F06-6FC1240E578A}.AppStore|x64.ActiveCfg = Release|Any CPU
		{93DF91AC-BD65-41A1-8F06-6FC1240E578A}.AppStore|x64.Build.0 = Release|Any CPU
		{93DF91AC-BD65-41A1-8F06-6FC1240E578A}.AppStore|x86.ActiveCfg = Release|Any CPU
		{93DF91AC-BD65-41A1-8F06-6FC1240E578A}.AppStore|x86.Build.0 = Release|Any CPU
		{93DF91AC-BD65-41A1-8F06-6FC1240E578A}.Debug|Android.ActiveCfg = Debug|Any CPU
		{93DF91AC-BD65-41A1-8F06-6FC1240E578A}.Debug|Android.Build.0 = Debug|Any CPU
		{93DF91AC-BD65-41A1-8F06-6FC1240E578A}.Debug|Any CPU.ActiveCfg = Debug|Any CPU
		{93DF91AC-BD65-41A1-8F06-6FC1240E578A}.Debug|Any CPU.Build.0 = Debug|Any CPU
		{93DF91AC-BD65-41A1-8F06-6FC1240E578A}.Debug|ARM.ActiveCfg = Debug|Any CPU
		{93DF91AC-BD65-41A1-8F06-6FC1240E578A}.Debug|ARM.Build.0 = Debug|Any CPU
		{93DF91AC-BD65-41A1-8F06-6FC1240E578A}.Debug|iOS.ActiveCfg = Debug|Any CPU
		{93DF91AC-BD65-41A1-8F06-6FC1240E578A}.Debug|iOS.Build.0 = Debug|Any CPU
		{93DF91AC-BD65-41A1-8F06-6FC1240E578A}.Debug|iPhone.ActiveCfg = Debug|Any CPU
		{93DF91AC-BD65-41A1-8F06-6FC1240E578A}.Debug|iPhone.Build.0 = Debug|Any CPU
		{93DF91AC-BD65-41A1-8F06-6FC1240E578A}.Debug|iPhoneSimulator.ActiveCfg = Debug|Any CPU
		{93DF91AC-BD65-41A1-8F06-6FC1240E578A}.Debug|iPhoneSimulator.Build.0 = Debug|Any CPU
		{93DF91AC-BD65-41A1-8F06-6FC1240E578A}.Debug|Windows Phone (Universal).ActiveCfg = Debug|Any CPU
		{93DF91AC-BD65-41A1-8F06-6FC1240E578A}.Debug|Windows Phone (Universal).Build.0 = Debug|Any CPU
		{93DF91AC-BD65-41A1-8F06-6FC1240E578A}.Debug|Windows Phone 8.ActiveCfg = Debug|Any CPU
		{93DF91AC-BD65-41A1-8F06-6FC1240E578A}.Debug|Windows Phone 8.Build.0 = Debug|Any CPU
		{93DF91AC-BD65-41A1-8F06-6FC1240E578A}.Debug|Windows-AnyCPU.ActiveCfg = Debug|Any CPU
		{93DF91AC-BD65-41A1-8F06-6FC1240E578A}.Debug|Windows-AnyCPU.Build.0 = Debug|Any CPU
		{93DF91AC-BD65-41A1-8F06-6FC1240E578A}.Debug|Windows-ARM.ActiveCfg = Debug|Any CPU
		{93DF91AC-BD65-41A1-8F06-6FC1240E578A}.Debug|Windows-ARM.Build.0 = Debug|Any CPU
		{93DF91AC-BD65-41A1-8F06-6FC1240E578A}.Debug|Windows-x64.ActiveCfg = Debug|Any CPU
		{93DF91AC-BD65-41A1-8F06-6FC1240E578A}.Debug|Windows-x64.Build.0 = Debug|Any CPU
		{93DF91AC-BD65-41A1-8F06-6FC1240E578A}.Debug|Windows-x86.ActiveCfg = Debug|Any CPU
		{93DF91AC-BD65-41A1-8F06-6FC1240E578A}.Debug|Windows-x86.Build.0 = Debug|Any CPU
		{93DF91AC-BD65-41A1-8F06-6FC1240E578A}.Debug|x64.ActiveCfg = Debug|Any CPU
		{93DF91AC-BD65-41A1-8F06-6FC1240E578A}.Debug|x64.Build.0 = Debug|Any CPU
		{93DF91AC-BD65-41A1-8F06-6FC1240E578A}.Debug|x86.ActiveCfg = Debug|Any CPU
		{93DF91AC-BD65-41A1-8F06-6FC1240E578A}.Debug|x86.Build.0 = Debug|Any CPU
		{93DF91AC-BD65-41A1-8F06-6FC1240E578A}.Release|Android.ActiveCfg = Release|Any CPU
		{93DF91AC-BD65-41A1-8F06-6FC1240E578A}.Release|Android.Build.0 = Release|Any CPU
		{93DF91AC-BD65-41A1-8F06-6FC1240E578A}.Release|Any CPU.ActiveCfg = Release|Any CPU
		{93DF91AC-BD65-41A1-8F06-6FC1240E578A}.Release|Any CPU.Build.0 = Release|Any CPU
		{93DF91AC-BD65-41A1-8F06-6FC1240E578A}.Release|ARM.ActiveCfg = Release|Any CPU
		{93DF91AC-BD65-41A1-8F06-6FC1240E578A}.Release|ARM.Build.0 = Release|Any CPU
		{93DF91AC-BD65-41A1-8F06-6FC1240E578A}.Release|iOS.ActiveCfg = Release|Any CPU
		{93DF91AC-BD65-41A1-8F06-6FC1240E578A}.Release|iOS.Build.0 = Release|Any CPU
		{93DF91AC-BD65-41A1-8F06-6FC1240E578A}.Release|iPhone.ActiveCfg = Release|Any CPU
		{93DF91AC-BD65-41A1-8F06-6FC1240E578A}.Release|iPhone.Build.0 = Release|Any CPU
		{93DF91AC-BD65-41A1-8F06-6FC1240E578A}.Release|iPhoneSimulator.ActiveCfg = Release|Any CPU
		{93DF91AC-BD65-41A1-8F06-6FC1240E578A}.Release|iPhoneSimulator.Build.0 = Release|Any CPU
		{93DF91AC-BD65-41A1-8F06-6FC1240E578A}.Release|Windows Phone (Universal).ActiveCfg = Release|Any CPU
		{93DF91AC-BD65-41A1-8F06-6FC1240E578A}.Release|Windows Phone (Universal).Build.0 = Release|Any CPU
		{93DF91AC-BD65-41A1-8F06-6FC1240E578A}.Release|Windows Phone 8.ActiveCfg = Release|Any CPU
		{93DF91AC-BD65-41A1-8F06-6FC1240E578A}.Release|Windows Phone 8.Build.0 = Release|Any CPU
		{93DF91AC-BD65-41A1-8F06-6FC1240E578A}.Release|Windows-AnyCPU.ActiveCfg = Release|Any CPU
		{93DF91AC-BD65-41A1-8F06-6FC1240E578A}.Release|Windows-AnyCPU.Build.0 = Release|Any CPU
		{93DF91AC-BD65-41A1-8F06-6FC1240E578A}.Release|Windows-ARM.ActiveCfg = Release|Any CPU
		{93DF91AC-BD65-41A1-8F06-6FC1240E578A}.Release|Windows-ARM.Build.0 = Release|Any CPU
		{93DF91AC-BD65-41A1-8F06-6FC1240E578A}.Release|Windows-x64.ActiveCfg = Release|Any CPU
		{93DF91AC-BD65-41A1-8F06-6FC1240E578A}.Release|Windows-x64.Build.0 = Release|Any CPU
		{93DF91AC-BD65-41A1-8F06-6FC1240E578A}.Release|Windows-x86.ActiveCfg = Release|Any CPU
		{93DF91AC-BD65-41A1-8F06-6FC1240E578A}.Release|Windows-x86.Build.0 = Release|Any CPU
		{93DF91AC-BD65-41A1-8F06-6FC1240E578A}.Release|x64.ActiveCfg = Release|Any CPU
		{93DF91AC-BD65-41A1-8F06-6FC1240E578A}.Release|x64.Build.0 = Release|Any CPU
		{93DF91AC-BD65-41A1-8F06-6FC1240E578A}.Release|x86.ActiveCfg = Release|Any CPU
		{93DF91AC-BD65-41A1-8F06-6FC1240E578A}.Release|x86.Build.0 = Release|Any CPU
		{DF8BF5CF-A44B-4A21-849D-7102A398AD9F}.Ad-Hoc|Android.ActiveCfg = Release|Any CPU
		{DF8BF5CF-A44B-4A21-849D-7102A398AD9F}.Ad-Hoc|Android.Build.0 = Release|Any CPU
		{DF8BF5CF-A44B-4A21-849D-7102A398AD9F}.Ad-Hoc|Android.Deploy.0 = Release|Any CPU
		{DF8BF5CF-A44B-4A21-849D-7102A398AD9F}.Ad-Hoc|Any CPU.ActiveCfg = Release|Any CPU
		{DF8BF5CF-A44B-4A21-849D-7102A398AD9F}.Ad-Hoc|Any CPU.Build.0 = Release|Any CPU
		{DF8BF5CF-A44B-4A21-849D-7102A398AD9F}.Ad-Hoc|Any CPU.Deploy.0 = Release|Any CPU
		{DF8BF5CF-A44B-4A21-849D-7102A398AD9F}.Ad-Hoc|ARM.ActiveCfg = Release|Any CPU
		{DF8BF5CF-A44B-4A21-849D-7102A398AD9F}.Ad-Hoc|ARM.Build.0 = Release|Any CPU
		{DF8BF5CF-A44B-4A21-849D-7102A398AD9F}.Ad-Hoc|ARM.Deploy.0 = Release|Any CPU
		{DF8BF5CF-A44B-4A21-849D-7102A398AD9F}.Ad-Hoc|iOS.ActiveCfg = Release|Any CPU
		{DF8BF5CF-A44B-4A21-849D-7102A398AD9F}.Ad-Hoc|iOS.Build.0 = Release|Any CPU
		{DF8BF5CF-A44B-4A21-849D-7102A398AD9F}.Ad-Hoc|iOS.Deploy.0 = Release|Any CPU
		{DF8BF5CF-A44B-4A21-849D-7102A398AD9F}.Ad-Hoc|iPhone.ActiveCfg = Release|Any CPU
		{DF8BF5CF-A44B-4A21-849D-7102A398AD9F}.Ad-Hoc|iPhone.Build.0 = Release|Any CPU
		{DF8BF5CF-A44B-4A21-849D-7102A398AD9F}.Ad-Hoc|iPhone.Deploy.0 = Release|Any CPU
		{DF8BF5CF-A44B-4A21-849D-7102A398AD9F}.Ad-Hoc|iPhoneSimulator.ActiveCfg = Release|Any CPU
		{DF8BF5CF-A44B-4A21-849D-7102A398AD9F}.Ad-Hoc|iPhoneSimulator.Build.0 = Release|Any CPU
		{DF8BF5CF-A44B-4A21-849D-7102A398AD9F}.Ad-Hoc|iPhoneSimulator.Deploy.0 = Release|Any CPU
		{DF8BF5CF-A44B-4A21-849D-7102A398AD9F}.Ad-Hoc|Windows Phone (Universal).ActiveCfg = Release|Any CPU
		{DF8BF5CF-A44B-4A21-849D-7102A398AD9F}.Ad-Hoc|Windows Phone (Universal).Build.0 = Release|Any CPU
		{DF8BF5CF-A44B-4A21-849D-7102A398AD9F}.Ad-Hoc|Windows Phone (Universal).Deploy.0 = Release|Any CPU
		{DF8BF5CF-A44B-4A21-849D-7102A398AD9F}.Ad-Hoc|Windows Phone 8.ActiveCfg = Release|Any CPU
		{DF8BF5CF-A44B-4A21-849D-7102A398AD9F}.Ad-Hoc|Windows Phone 8.Build.0 = Release|Any CPU
		{DF8BF5CF-A44B-4A21-849D-7102A398AD9F}.Ad-Hoc|Windows Phone 8.Deploy.0 = Release|Any CPU
		{DF8BF5CF-A44B-4A21-849D-7102A398AD9F}.Ad-Hoc|Windows-AnyCPU.ActiveCfg = Release|Any CPU
		{DF8BF5CF-A44B-4A21-849D-7102A398AD9F}.Ad-Hoc|Windows-AnyCPU.Build.0 = Release|Any CPU
		{DF8BF5CF-A44B-4A21-849D-7102A398AD9F}.Ad-Hoc|Windows-AnyCPU.Deploy.0 = Release|Any CPU
		{DF8BF5CF-A44B-4A21-849D-7102A398AD9F}.Ad-Hoc|Windows-ARM.ActiveCfg = Release|Any CPU
		{DF8BF5CF-A44B-4A21-849D-7102A398AD9F}.Ad-Hoc|Windows-ARM.Build.0 = Release|Any CPU
		{DF8BF5CF-A44B-4A21-849D-7102A398AD9F}.Ad-Hoc|Windows-ARM.Deploy.0 = Release|Any CPU
		{DF8BF5CF-A44B-4A21-849D-7102A398AD9F}.Ad-Hoc|Windows-x64.ActiveCfg = Release|Any CPU
		{DF8BF5CF-A44B-4A21-849D-7102A398AD9F}.Ad-Hoc|Windows-x64.Build.0 = Release|Any CPU
		{DF8BF5CF-A44B-4A21-849D-7102A398AD9F}.Ad-Hoc|Windows-x64.Deploy.0 = Release|Any CPU
		{DF8BF5CF-A44B-4A21-849D-7102A398AD9F}.Ad-Hoc|Windows-x86.ActiveCfg = Release|Any CPU
		{DF8BF5CF-A44B-4A21-849D-7102A398AD9F}.Ad-Hoc|Windows-x86.Build.0 = Release|Any CPU
		{DF8BF5CF-A44B-4A21-849D-7102A398AD9F}.Ad-Hoc|Windows-x86.Deploy.0 = Release|Any CPU
		{DF8BF5CF-A44B-4A21-849D-7102A398AD9F}.Ad-Hoc|x64.ActiveCfg = Release|Any CPU
		{DF8BF5CF-A44B-4A21-849D-7102A398AD9F}.Ad-Hoc|x64.Build.0 = Release|Any CPU
		{DF8BF5CF-A44B-4A21-849D-7102A398AD9F}.Ad-Hoc|x64.Deploy.0 = Release|Any CPU
		{DF8BF5CF-A44B-4A21-849D-7102A398AD9F}.Ad-Hoc|x86.ActiveCfg = Release|Any CPU
		{DF8BF5CF-A44B-4A21-849D-7102A398AD9F}.Ad-Hoc|x86.Build.0 = Release|Any CPU
		{DF8BF5CF-A44B-4A21-849D-7102A398AD9F}.Ad-Hoc|x86.Deploy.0 = Release|Any CPU
		{DF8BF5CF-A44B-4A21-849D-7102A398AD9F}.AppStore|Android.ActiveCfg = Release|Any CPU
		{DF8BF5CF-A44B-4A21-849D-7102A398AD9F}.AppStore|Android.Build.0 = Release|Any CPU
		{DF8BF5CF-A44B-4A21-849D-7102A398AD9F}.AppStore|Android.Deploy.0 = Release|Any CPU
		{DF8BF5CF-A44B-4A21-849D-7102A398AD9F}.AppStore|Any CPU.ActiveCfg = Release|Any CPU
		{DF8BF5CF-A44B-4A21-849D-7102A398AD9F}.AppStore|Any CPU.Build.0 = Release|Any CPU
		{DF8BF5CF-A44B-4A21-849D-7102A398AD9F}.AppStore|Any CPU.Deploy.0 = Release|Any CPU
		{DF8BF5CF-A44B-4A21-849D-7102A398AD9F}.AppStore|ARM.ActiveCfg = Release|Any CPU
		{DF8BF5CF-A44B-4A21-849D-7102A398AD9F}.AppStore|ARM.Build.0 = Release|Any CPU
		{DF8BF5CF-A44B-4A21-849D-7102A398AD9F}.AppStore|ARM.Deploy.0 = Release|Any CPU
		{DF8BF5CF-A44B-4A21-849D-7102A398AD9F}.AppStore|iOS.ActiveCfg = Release|Any CPU
		{DF8BF5CF-A44B-4A21-849D-7102A398AD9F}.AppStore|iOS.Build.0 = Release|Any CPU
		{DF8BF5CF-A44B-4A21-849D-7102A398AD9F}.AppStore|iOS.Deploy.0 = Release|Any CPU
		{DF8BF5CF-A44B-4A21-849D-7102A398AD9F}.AppStore|iPhone.ActiveCfg = Release|Any CPU
		{DF8BF5CF-A44B-4A21-849D-7102A398AD9F}.AppStore|iPhone.Build.0 = Release|Any CPU
		{DF8BF5CF-A44B-4A21-849D-7102A398AD9F}.AppStore|iPhone.Deploy.0 = Release|Any CPU
		{DF8BF5CF-A44B-4A21-849D-7102A398AD9F}.AppStore|iPhoneSimulator.ActiveCfg = Release|Any CPU
		{DF8BF5CF-A44B-4A21-849D-7102A398AD9F}.AppStore|iPhoneSimulator.Build.0 = Release|Any CPU
		{DF8BF5CF-A44B-4A21-849D-7102A398AD9F}.AppStore|iPhoneSimulator.Deploy.0 = Release|Any CPU
		{DF8BF5CF-A44B-4A21-849D-7102A398AD9F}.AppStore|Windows Phone (Universal).ActiveCfg = Release|Any CPU
		{DF8BF5CF-A44B-4A21-849D-7102A398AD9F}.AppStore|Windows Phone (Universal).Build.0 = Release|Any CPU
		{DF8BF5CF-A44B-4A21-849D-7102A398AD9F}.AppStore|Windows Phone (Universal).Deploy.0 = Release|Any CPU
		{DF8BF5CF-A44B-4A21-849D-7102A398AD9F}.AppStore|Windows Phone 8.ActiveCfg = Release|Any CPU
		{DF8BF5CF-A44B-4A21-849D-7102A398AD9F}.AppStore|Windows Phone 8.Build.0 = Release|Any CPU
		{DF8BF5CF-A44B-4A21-849D-7102A398AD9F}.AppStore|Windows Phone 8.Deploy.0 = Release|Any CPU
		{DF8BF5CF-A44B-4A21-849D-7102A398AD9F}.AppStore|Windows-AnyCPU.ActiveCfg = Release|Any CPU
		{DF8BF5CF-A44B-4A21-849D-7102A398AD9F}.AppStore|Windows-AnyCPU.Build.0 = Release|Any CPU
		{DF8BF5CF-A44B-4A21-849D-7102A398AD9F}.AppStore|Windows-AnyCPU.Deploy.0 = Release|Any CPU
		{DF8BF5CF-A44B-4A21-849D-7102A398AD9F}.AppStore|Windows-ARM.ActiveCfg = Release|Any CPU
		{DF8BF5CF-A44B-4A21-849D-7102A398AD9F}.AppStore|Windows-ARM.Build.0 = Release|Any CPU
		{DF8BF5CF-A44B-4A21-849D-7102A398AD9F}.AppStore|Windows-ARM.Deploy.0 = Release|Any CPU
		{DF8BF5CF-A44B-4A21-849D-7102A398AD9F}.AppStore|Windows-x64.ActiveCfg = Release|Any CPU
		{DF8BF5CF-A44B-4A21-849D-7102A398AD9F}.AppStore|Windows-x64.Build.0 = Release|Any CPU
		{DF8BF5CF-A44B-4A21-849D-7102A398AD9F}.AppStore|Windows-x64.Deploy.0 = Release|Any CPU
		{DF8BF5CF-A44B-4A21-849D-7102A398AD9F}.AppStore|Windows-x86.ActiveCfg = Release|Any CPU
		{DF8BF5CF-A44B-4A21-849D-7102A398AD9F}.AppStore|Windows-x86.Build.0 = Release|Any CPU
		{DF8BF5CF-A44B-4A21-849D-7102A398AD9F}.AppStore|Windows-x86.Deploy.0 = Release|Any CPU
		{DF8BF5CF-A44B-4A21-849D-7102A398AD9F}.AppStore|x64.ActiveCfg = Release|Any CPU
		{DF8BF5CF-A44B-4A21-849D-7102A398AD9F}.AppStore|x64.Build.0 = Release|Any CPU
		{DF8BF5CF-A44B-4A21-849D-7102A398AD9F}.AppStore|x64.Deploy.0 = Release|Any CPU
		{DF8BF5CF-A44B-4A21-849D-7102A398AD9F}.AppStore|x86.ActiveCfg = Release|Any CPU
		{DF8BF5CF-A44B-4A21-849D-7102A398AD9F}.AppStore|x86.Build.0 = Release|Any CPU
		{DF8BF5CF-A44B-4A21-849D-7102A398AD9F}.AppStore|x86.Deploy.0 = Release|Any CPU
		{DF8BF5CF-A44B-4A21-849D-7102A398AD9F}.Debug|Android.ActiveCfg = Debug|Any CPU
		{DF8BF5CF-A44B-4A21-849D-7102A398AD9F}.Debug|Android.Build.0 = Debug|Any CPU
		{DF8BF5CF-A44B-4A21-849D-7102A398AD9F}.Debug|Android.Deploy.0 = Debug|Any CPU
		{DF8BF5CF-A44B-4A21-849D-7102A398AD9F}.Debug|Any CPU.ActiveCfg = Debug|Any CPU
		{DF8BF5CF-A44B-4A21-849D-7102A398AD9F}.Debug|Any CPU.Build.0 = Debug|Any CPU
		{DF8BF5CF-A44B-4A21-849D-7102A398AD9F}.Debug|Any CPU.Deploy.0 = Debug|Any CPU
		{DF8BF5CF-A44B-4A21-849D-7102A398AD9F}.Debug|ARM.ActiveCfg = Debug|Any CPU
		{DF8BF5CF-A44B-4A21-849D-7102A398AD9F}.Debug|ARM.Build.0 = Debug|Any CPU
		{DF8BF5CF-A44B-4A21-849D-7102A398AD9F}.Debug|ARM.Deploy.0 = Debug|Any CPU
		{DF8BF5CF-A44B-4A21-849D-7102A398AD9F}.Debug|iOS.ActiveCfg = Debug|Any CPU
		{DF8BF5CF-A44B-4A21-849D-7102A398AD9F}.Debug|iOS.Build.0 = Debug|Any CPU
		{DF8BF5CF-A44B-4A21-849D-7102A398AD9F}.Debug|iOS.Deploy.0 = Debug|Any CPU
		{DF8BF5CF-A44B-4A21-849D-7102A398AD9F}.Debug|iPhone.ActiveCfg = Debug|Any CPU
		{DF8BF5CF-A44B-4A21-849D-7102A398AD9F}.Debug|iPhone.Build.0 = Debug|Any CPU
		{DF8BF5CF-A44B-4A21-849D-7102A398AD9F}.Debug|iPhone.Deploy.0 = Debug|Any CPU
		{DF8BF5CF-A44B-4A21-849D-7102A398AD9F}.Debug|iPhoneSimulator.ActiveCfg = Debug|Any CPU
		{DF8BF5CF-A44B-4A21-849D-7102A398AD9F}.Debug|iPhoneSimulator.Build.0 = Debug|Any CPU
		{DF8BF5CF-A44B-4A21-849D-7102A398AD9F}.Debug|iPhoneSimulator.Deploy.0 = Debug|Any CPU
		{DF8BF5CF-A44B-4A21-849D-7102A398AD9F}.Debug|Windows Phone (Universal).ActiveCfg = Debug|Any CPU
		{DF8BF5CF-A44B-4A21-849D-7102A398AD9F}.Debug|Windows Phone (Universal).Build.0 = Debug|Any CPU
		{DF8BF5CF-A44B-4A21-849D-7102A398AD9F}.Debug|Windows Phone (Universal).Deploy.0 = Debug|Any CPU
		{DF8BF5CF-A44B-4A21-849D-7102A398AD9F}.Debug|Windows Phone 8.ActiveCfg = Debug|Any CPU
		{DF8BF5CF-A44B-4A21-849D-7102A398AD9F}.Debug|Windows Phone 8.Build.0 = Debug|Any CPU
		{DF8BF5CF-A44B-4A21-849D-7102A398AD9F}.Debug|Windows Phone 8.Deploy.0 = Debug|Any CPU
		{DF8BF5CF-A44B-4A21-849D-7102A398AD9F}.Debug|Windows-AnyCPU.ActiveCfg = Debug|Any CPU
		{DF8BF5CF-A44B-4A21-849D-7102A398AD9F}.Debug|Windows-AnyCPU.Build.0 = Debug|Any CPU
		{DF8BF5CF-A44B-4A21-849D-7102A398AD9F}.Debug|Windows-AnyCPU.Deploy.0 = Debug|Any CPU
		{DF8BF5CF-A44B-4A21-849D-7102A398AD9F}.Debug|Windows-ARM.ActiveCfg = Debug|Any CPU
		{DF8BF5CF-A44B-4A21-849D-7102A398AD9F}.Debug|Windows-ARM.Build.0 = Debug|Any CPU
		{DF8BF5CF-A44B-4A21-849D-7102A398AD9F}.Debug|Windows-ARM.Deploy.0 = Debug|Any CPU
		{DF8BF5CF-A44B-4A21-849D-7102A398AD9F}.Debug|Windows-x64.ActiveCfg = Debug|Any CPU
		{DF8BF5CF-A44B-4A21-849D-7102A398AD9F}.Debug|Windows-x64.Build.0 = Debug|Any CPU
		{DF8BF5CF-A44B-4A21-849D-7102A398AD9F}.Debug|Windows-x64.Deploy.0 = Debug|Any CPU
		{DF8BF5CF-A44B-4A21-849D-7102A398AD9F}.Debug|Windows-x86.ActiveCfg = Debug|Any CPU
		{DF8BF5CF-A44B-4A21-849D-7102A398AD9F}.Debug|Windows-x86.Build.0 = Debug|Any CPU
		{DF8BF5CF-A44B-4A21-849D-7102A398AD9F}.Debug|Windows-x86.Deploy.0 = Debug|Any CPU
		{DF8BF5CF-A44B-4A21-849D-7102A398AD9F}.Debug|x64.ActiveCfg = Debug|Any CPU
		{DF8BF5CF-A44B-4A21-849D-7102A398AD9F}.Debug|x64.Build.0 = Debug|Any CPU
		{DF8BF5CF-A44B-4A21-849D-7102A398AD9F}.Debug|x64.Deploy.0 = Debug|Any CPU
		{DF8BF5CF-A44B-4A21-849D-7102A398AD9F}.Debug|x86.ActiveCfg = Debug|Any CPU
		{DF8BF5CF-A44B-4A21-849D-7102A398AD9F}.Debug|x86.Build.0 = Debug|Any CPU
		{DF8BF5CF-A44B-4A21-849D-7102A398AD9F}.Debug|x86.Deploy.0 = Debug|Any CPU
		{DF8BF5CF-A44B-4A21-849D-7102A398AD9F}.Release|Android.ActiveCfg = Release|Any CPU
		{DF8BF5CF-A44B-4A21-849D-7102A398AD9F}.Release|Android.Build.0 = Release|Any CPU
		{DF8BF5CF-A44B-4A21-849D-7102A398AD9F}.Release|Android.Deploy.0 = Release|Any CPU
		{DF8BF5CF-A44B-4A21-849D-7102A398AD9F}.Release|Any CPU.ActiveCfg = Release|Any CPU
		{DF8BF5CF-A44B-4A21-849D-7102A398AD9F}.Release|Any CPU.Build.0 = Release|Any CPU
		{DF8BF5CF-A44B-4A21-849D-7102A398AD9F}.Release|Any CPU.Deploy.0 = Release|Any CPU
		{DF8BF5CF-A44B-4A21-849D-7102A398AD9F}.Release|ARM.ActiveCfg = Release|Any CPU
		{DF8BF5CF-A44B-4A21-849D-7102A398AD9F}.Release|ARM.Build.0 = Release|Any CPU
		{DF8BF5CF-A44B-4A21-849D-7102A398AD9F}.Release|ARM.Deploy.0 = Release|Any CPU
		{DF8BF5CF-A44B-4A21-849D-7102A398AD9F}.Release|iOS.ActiveCfg = Release|Any CPU
		{DF8BF5CF-A44B-4A21-849D-7102A398AD9F}.Release|iOS.Build.0 = Release|Any CPU
		{DF8BF5CF-A44B-4A21-849D-7102A398AD9F}.Release|iOS.Deploy.0 = Release|Any CPU
		{DF8BF5CF-A44B-4A21-849D-7102A398AD9F}.Release|iPhone.ActiveCfg = Release|Any CPU
		{DF8BF5CF-A44B-4A21-849D-7102A398AD9F}.Release|iPhone.Build.0 = Release|Any CPU
		{DF8BF5CF-A44B-4A21-849D-7102A398AD9F}.Release|iPhone.Deploy.0 = Release|Any CPU
		{DF8BF5CF-A44B-4A21-849D-7102A398AD9F}.Release|iPhoneSimulator.ActiveCfg = Release|Any CPU
		{DF8BF5CF-A44B-4A21-849D-7102A398AD9F}.Release|iPhoneSimulator.Build.0 = Release|Any CPU
		{DF8BF5CF-A44B-4A21-849D-7102A398AD9F}.Release|iPhoneSimulator.Deploy.0 = Release|Any CPU
		{DF8BF5CF-A44B-4A21-849D-7102A398AD9F}.Release|Windows Phone (Universal).ActiveCfg = Release|Any CPU
		{DF8BF5CF-A44B-4A21-849D-7102A398AD9F}.Release|Windows Phone (Universal).Build.0 = Release|Any CPU
		{DF8BF5CF-A44B-4A21-849D-7102A398AD9F}.Release|Windows Phone (Universal).Deploy.0 = Release|Any CPU
		{DF8BF5CF-A44B-4A21-849D-7102A398AD9F}.Release|Windows Phone 8.ActiveCfg = Release|Any CPU
		{DF8BF5CF-A44B-4A21-849D-7102A398AD9F}.Release|Windows Phone 8.Build.0 = Release|Any CPU
		{DF8BF5CF-A44B-4A21-849D-7102A398AD9F}.Release|Windows Phone 8.Deploy.0 = Release|Any CPU
		{DF8BF5CF-A44B-4A21-849D-7102A398AD9F}.Release|Windows-AnyCPU.ActiveCfg = Release|Any CPU
		{DF8BF5CF-A44B-4A21-849D-7102A398AD9F}.Release|Windows-AnyCPU.Build.0 = Release|Any CPU
		{DF8BF5CF-A44B-4A21-849D-7102A398AD9F}.Release|Windows-AnyCPU.Deploy.0 = Release|Any CPU
		{DF8BF5CF-A44B-4A21-849D-7102A398AD9F}.Release|Windows-ARM.ActiveCfg = Release|Any CPU
		{DF8BF5CF-A44B-4A21-849D-7102A398AD9F}.Release|Windows-ARM.Build.0 = Release|Any CPU
		{DF8BF5CF-A44B-4A21-849D-7102A398AD9F}.Release|Windows-ARM.Deploy.0 = Release|Any CPU
		{DF8BF5CF-A44B-4A21-849D-7102A398AD9F}.Release|Windows-x64.ActiveCfg = Release|Any CPU
		{DF8BF5CF-A44B-4A21-849D-7102A398AD9F}.Release|Windows-x64.Build.0 = Release|Any CPU
		{DF8BF5CF-A44B-4A21-849D-7102A398AD9F}.Release|Windows-x64.Deploy.0 = Release|Any CPU
		{DF8BF5CF-A44B-4A21-849D-7102A398AD9F}.Release|Windows-x86.ActiveCfg = Release|Any CPU
		{DF8BF5CF-A44B-4A21-849D-7102A398AD9F}.Release|Windows-x86.Build.0 = Release|Any CPU
		{DF8BF5CF-A44B-4A21-849D-7102A398AD9F}.Release|Windows-x86.Deploy.0 = Release|Any CPU
		{DF8BF5CF-A44B-4A21-849D-7102A398AD9F}.Release|x64.ActiveCfg = Release|Any CPU
		{DF8BF5CF-A44B-4A21-849D-7102A398AD9F}.Release|x64.Build.0 = Release|Any CPU
		{DF8BF5CF-A44B-4A21-849D-7102A398AD9F}.Release|x64.Deploy.0 = Release|Any CPU
		{DF8BF5CF-A44B-4A21-849D-7102A398AD9F}.Release|x86.ActiveCfg = Release|Any CPU
		{DF8BF5CF-A44B-4A21-849D-7102A398AD9F}.Release|x86.Build.0 = Release|Any CPU
		{DF8BF5CF-A44B-4A21-849D-7102A398AD9F}.Release|x86.Deploy.0 = Release|Any CPU
		{D60996D4-FD26-4AC2-861B-103BC3D6A8C7}.Ad-Hoc|Android.ActiveCfg = Ad-Hoc|iPhone
		{D60996D4-FD26-4AC2-861B-103BC3D6A8C7}.Ad-Hoc|Any CPU.ActiveCfg = Ad-Hoc|iPhone
		{D60996D4-FD26-4AC2-861B-103BC3D6A8C7}.Ad-Hoc|ARM.ActiveCfg = Ad-Hoc|iPhone
		{D60996D4-FD26-4AC2-861B-103BC3D6A8C7}.Ad-Hoc|iOS.ActiveCfg = Ad-Hoc|iPhone
		{D60996D4-FD26-4AC2-861B-103BC3D6A8C7}.Ad-Hoc|iPhone.ActiveCfg = Ad-Hoc|iPhone
		{D60996D4-FD26-4AC2-861B-103BC3D6A8C7}.Ad-Hoc|iPhone.Build.0 = Ad-Hoc|iPhone
		{D60996D4-FD26-4AC2-861B-103BC3D6A8C7}.Ad-Hoc|iPhoneSimulator.ActiveCfg = Ad-Hoc|iPhoneSimulator
		{D60996D4-FD26-4AC2-861B-103BC3D6A8C7}.Ad-Hoc|iPhoneSimulator.Build.0 = Ad-Hoc|iPhoneSimulator
		{D60996D4-FD26-4AC2-861B-103BC3D6A8C7}.Ad-Hoc|Windows Phone (Universal).ActiveCfg = Ad-Hoc|iPhone
		{D60996D4-FD26-4AC2-861B-103BC3D6A8C7}.Ad-Hoc|Windows Phone 8.ActiveCfg = Ad-Hoc|iPhone
		{D60996D4-FD26-4AC2-861B-103BC3D6A8C7}.Ad-Hoc|Windows-AnyCPU.ActiveCfg = Ad-Hoc|iPhone
		{D60996D4-FD26-4AC2-861B-103BC3D6A8C7}.Ad-Hoc|Windows-ARM.ActiveCfg = Ad-Hoc|iPhone
		{D60996D4-FD26-4AC2-861B-103BC3D6A8C7}.Ad-Hoc|Windows-x64.ActiveCfg = Ad-Hoc|iPhone
		{D60996D4-FD26-4AC2-861B-103BC3D6A8C7}.Ad-Hoc|Windows-x86.ActiveCfg = Ad-Hoc|iPhone
		{D60996D4-FD26-4AC2-861B-103BC3D6A8C7}.Ad-Hoc|x64.ActiveCfg = Ad-Hoc|iPhone
		{D60996D4-FD26-4AC2-861B-103BC3D6A8C7}.Ad-Hoc|x86.ActiveCfg = Ad-Hoc|iPhone
		{D60996D4-FD26-4AC2-861B-103BC3D6A8C7}.AppStore|Android.ActiveCfg = AppStore|iPhone
		{D60996D4-FD26-4AC2-861B-103BC3D6A8C7}.AppStore|Any CPU.ActiveCfg = AppStore|iPhone
		{D60996D4-FD26-4AC2-861B-103BC3D6A8C7}.AppStore|ARM.ActiveCfg = AppStore|iPhone
		{D60996D4-FD26-4AC2-861B-103BC3D6A8C7}.AppStore|iOS.ActiveCfg = AppStore|iPhone
		{D60996D4-FD26-4AC2-861B-103BC3D6A8C7}.AppStore|iPhone.ActiveCfg = AppStore|iPhone
		{D60996D4-FD26-4AC2-861B-103BC3D6A8C7}.AppStore|iPhone.Build.0 = AppStore|iPhone
		{D60996D4-FD26-4AC2-861B-103BC3D6A8C7}.AppStore|iPhoneSimulator.ActiveCfg = AppStore|iPhoneSimulator
		{D60996D4-FD26-4AC2-861B-103BC3D6A8C7}.AppStore|iPhoneSimulator.Build.0 = AppStore|iPhoneSimulator
		{D60996D4-FD26-4AC2-861B-103BC3D6A8C7}.AppStore|Windows Phone (Universal).ActiveCfg = AppStore|iPhone
		{D60996D4-FD26-4AC2-861B-103BC3D6A8C7}.AppStore|Windows Phone 8.ActiveCfg = AppStore|iPhone
		{D60996D4-FD26-4AC2-861B-103BC3D6A8C7}.AppStore|Windows-AnyCPU.ActiveCfg = AppStore|iPhone
		{D60996D4-FD26-4AC2-861B-103BC3D6A8C7}.AppStore|Windows-ARM.ActiveCfg = AppStore|iPhone
		{D60996D4-FD26-4AC2-861B-103BC3D6A8C7}.AppStore|Windows-x64.ActiveCfg = AppStore|iPhone
		{D60996D4-FD26-4AC2-861B-103BC3D6A8C7}.AppStore|Windows-x86.ActiveCfg = AppStore|iPhone
		{D60996D4-FD26-4AC2-861B-103BC3D6A8C7}.AppStore|x64.ActiveCfg = AppStore|iPhone
		{D60996D4-FD26-4AC2-861B-103BC3D6A8C7}.AppStore|x86.ActiveCfg = AppStore|iPhone
		{D60996D4-FD26-4AC2-861B-103BC3D6A8C7}.Debug|Android.ActiveCfg = Debug|iPhone
		{D60996D4-FD26-4AC2-861B-103BC3D6A8C7}.Debug|Any CPU.ActiveCfg = Debug|iPhone
		{D60996D4-FD26-4AC2-861B-103BC3D6A8C7}.Debug|ARM.ActiveCfg = Debug|iPhone
		{D60996D4-FD26-4AC2-861B-103BC3D6A8C7}.Debug|iOS.ActiveCfg = Debug|iPhone
		{D60996D4-FD26-4AC2-861B-103BC3D6A8C7}.Debug|iPhone.ActiveCfg = Debug|iPhone
		{D60996D4-FD26-4AC2-861B-103BC3D6A8C7}.Debug|iPhone.Build.0 = Debug|iPhone
		{D60996D4-FD26-4AC2-861B-103BC3D6A8C7}.Debug|iPhoneSimulator.ActiveCfg = Debug|iPhoneSimulator
		{D60996D4-FD26-4AC2-861B-103BC3D6A8C7}.Debug|iPhoneSimulator.Build.0 = Debug|iPhoneSimulator
		{D60996D4-FD26-4AC2-861B-103BC3D6A8C7}.Debug|Windows Phone (Universal).ActiveCfg = Debug|iPhone
		{D60996D4-FD26-4AC2-861B-103BC3D6A8C7}.Debug|Windows Phone 8.ActiveCfg = Debug|iPhone
		{D60996D4-FD26-4AC2-861B-103BC3D6A8C7}.Debug|Windows-AnyCPU.ActiveCfg = Debug|iPhone
		{D60996D4-FD26-4AC2-861B-103BC3D6A8C7}.Debug|Windows-ARM.ActiveCfg = Debug|iPhone
		{D60996D4-FD26-4AC2-861B-103BC3D6A8C7}.Debug|Windows-x64.ActiveCfg = Debug|iPhone
		{D60996D4-FD26-4AC2-861B-103BC3D6A8C7}.Debug|Windows-x86.ActiveCfg = Debug|iPhone
		{D60996D4-FD26-4AC2-861B-103BC3D6A8C7}.Debug|x64.ActiveCfg = Debug|iPhone
		{D60996D4-FD26-4AC2-861B-103BC3D6A8C7}.Debug|x86.ActiveCfg = Debug|iPhone
		{D60996D4-FD26-4AC2-861B-103BC3D6A8C7}.Release|Android.ActiveCfg = Release|iPhone
		{D60996D4-FD26-4AC2-861B-103BC3D6A8C7}.Release|Any CPU.ActiveCfg = Release|iPhone
		{D60996D4-FD26-4AC2-861B-103BC3D6A8C7}.Release|ARM.ActiveCfg = Release|iPhone
		{D60996D4-FD26-4AC2-861B-103BC3D6A8C7}.Release|iOS.ActiveCfg = Release|iPhone
		{D60996D4-FD26-4AC2-861B-103BC3D6A8C7}.Release|iPhone.ActiveCfg = Release|iPhone
		{D60996D4-FD26-4AC2-861B-103BC3D6A8C7}.Release|iPhone.Build.0 = Release|iPhone
		{D60996D4-FD26-4AC2-861B-103BC3D6A8C7}.Release|iPhoneSimulator.ActiveCfg = Release|iPhoneSimulator
		{D60996D4-FD26-4AC2-861B-103BC3D6A8C7}.Release|iPhoneSimulator.Build.0 = Release|iPhoneSimulator
		{D60996D4-FD26-4AC2-861B-103BC3D6A8C7}.Release|Windows Phone (Universal).ActiveCfg = Release|iPhone
		{D60996D4-FD26-4AC2-861B-103BC3D6A8C7}.Release|Windows Phone 8.ActiveCfg = Release|iPhone
		{D60996D4-FD26-4AC2-861B-103BC3D6A8C7}.Release|Windows-AnyCPU.ActiveCfg = Release|iPhone
		{D60996D4-FD26-4AC2-861B-103BC3D6A8C7}.Release|Windows-ARM.ActiveCfg = Release|iPhone
		{D60996D4-FD26-4AC2-861B-103BC3D6A8C7}.Release|Windows-x64.ActiveCfg = Release|iPhone
		{D60996D4-FD26-4AC2-861B-103BC3D6A8C7}.Release|Windows-x86.ActiveCfg = Release|iPhone
		{D60996D4-FD26-4AC2-861B-103BC3D6A8C7}.Release|x64.ActiveCfg = Release|iPhone
		{D60996D4-FD26-4AC2-861B-103BC3D6A8C7}.Release|x86.ActiveCfg = Release|iPhone
	EndGlobalSection
	GlobalSection(SolutionProperties) = preSolution
		HideSolutionNode = FALSE
	EndGlobalSection
EndGlobal
