
Microsoft Visual Studio Solution File, Format Version 12.00
# Visual Studio 14
VisualStudioVersion = 14.0.25123.0
MinimumVisualStudioVersion = 10.0.40219.1
Project("{9092AA53-FB77-4645-B42D-1CCCA6BD08BD}") = "backend", "backend\backend.njsproj", "{6B750221-BBCF-493A-AC8F-28829BEEBDC2}"
EndProject
Project("{FAE04EC0-301F-11D3-BF4B-00C04F79EFBC}") = "Client.UWP", "Client.UWP\Client.UWP.csproj", "{632908B9-27DA-4C81-82C1-F6B8DA05FC9F}"
EndProject
Global
	GlobalSection(SolutionConfigurationPlatforms) = preSolution
		Debug|Any CPU = Debug|Any CPU
		Debug|ARM = Debug|ARM
		Debug|x64 = Debug|x64
		Debug|x86 = Debug|x86
		Release|Any CPU = Release|Any CPU
		Release|ARM = Release|ARM
		Release|x64 = Release|x64
		Release|x86 = Release|x86
	EndGlobalSection
	GlobalSection(ProjectConfigurationPlatforms) = postSolution
		{6B750221-BBCF-493A-AC8F-28829BEEBDC2}.Debug|Any CPU.ActiveCfg = Debug|Any CPU
		{6B750221-BBCF-493A-AC8F-28829BEEBDC2}.Debug|Any CPU.Build.0 = Debug|Any CPU
		{6B750221-BBCF-493A-AC8F-28829BEEBDC2}.Debug|ARM.ActiveCfg = Debug|Any CPU
		{6B750221-BBCF-493A-AC8F-28829BEEBDC2}.Debug|ARM.Build.0 = Debug|Any CPU
		{6B750221-BBCF-493A-AC8F-28829BEEBDC2}.Debug|x64.ActiveCfg = Debug|Any CPU
		{6B750221-BBCF-493A-AC8F-28829BEEBDC2}.Debug|x64.Build.0 = Debug|Any CPU
		{6B750221-BBCF-493A-AC8F-28829BEEBDC2}.Debug|x86.ActiveCfg = Debug|Any CPU
		{6B750221-BBCF-493A-AC8F-28829BEEBDC2}.Debug|x86.Build.0 = Debug|Any CPU
		{6B750221-BBCF-493A-AC8F-28829BEEBDC2}.Release|Any CPU.ActiveCfg = Release|Any CPU
		{6B750221-BBCF-493A-AC8F-28829BEEBDC2}.Release|Any CPU.Build.0 = Release|Any CPU
		{6B750221-BBCF-493A-AC8F-28829BEEBDC2}.Release|ARM.ActiveCfg = Release|Any CPU
		{6B750221-BBCF-493A-AC8F-28829BEEBDC2}.Release|ARM.Build.0 = Release|Any CPU
		{6B750221-BBCF-493A-AC8F-28829BEEBDC2}.Release|x64.ActiveCfg = Release|Any CPU
		{6B750221-BBCF-493A-AC8F-28829BEEBDC2}.Release|x64.Build.0 = Release|Any CPU
		{6B750221-BBCF-493A-AC8F-28829BEEBDC2}.Release|x86.ActiveCfg = Release|Any CPU
		{6B750221-BBCF-493A-AC8F-28829BEEBDC2}.Release|x86.Build.0 = Release|Any CPU
		{632908B9-27DA-4C81-82C1-F6B8DA05FC9F}.Debug|Any CPU.ActiveCfg = Debug|x86
		{632908B9-27DA-4C81-82C1-F6B8DA05FC9F}.Debug|ARM.ActiveCfg = Debug|ARM
		{632908B9-27DA-4C81-82C1-F6B8DA05FC9F}.Debug|ARM.Build.0 = Debug|ARM
		{632908B9-27DA-4C81-82C1-F6B8DA05FC9F}.Debug|ARM.Deploy.0 = Debug|ARM
		{632908B9-27DA-4C81-82C1-F6B8DA05FC9F}.Debug|x64.ActiveCfg = Debug|x64
		{632908B9-27DA-4C81-82C1-F6B8DA05FC9F}.Debug|x64.Build.0 = Debug|x64
		{632908B9-27DA-4C81-82C1-F6B8DA05FC9F}.Debug|x64.Deploy.0 = Debug|x64
		{632908B9-27DA-4C81-82C1-F6B8DA05FC9F}.Debug|x86.ActiveCfg = Debug|x86
		{632908B9-27DA-4C81-82C1-F6B8DA05FC9F}.Debug|x86.Build.0 = Debug|x86
		{632908B9-27DA-4C81-82C1-F6B8DA05FC9F}.Debug|x86.Deploy.0 = Debug|x86
		{632908B9-27DA-4C81-82C1-F6B8DA05FC9F}.Release|Any CPU.ActiveCfg = Release|x86
		{632908B9-27DA-4C81-82C1-F6B8DA05FC9F}.Release|ARM.ActiveCfg = Release|ARM
		{632908B9-27DA-4C81-82C1-F6B8DA05FC9F}.Release|ARM.Build.0 = Release|ARM
		{632908B9-27DA-4C81-82C1-F6B8DA05FC9F}.Release|ARM.Deploy.0 = Release|ARM
		{632908B9-27DA-4C81-82C1-F6B8DA05FC9F}.Release|x64.ActiveCfg = Release|x64
		{632908B9-27DA-4C81-82C1-F6B8DA05FC9F}.Release|x64.Build.0 = Release|x64
		{632908B9-27DA-4C81-82C1-F6B8DA05FC9F}.Release|x64.Deploy.0 = Release|x64
		{632908B9-27DA-4C81-82C1-F6B8DA05FC9F}.Release|x86.ActiveCfg = Release|x86
		{632908B9-27DA-4C81-82C1-F6B8DA05FC9F}.Release|x86.Build.0 = Release|x86
		{632908B9-27DA-4C81-82C1-F6B8DA05FC9F}.Release|x86.Deploy.0 = Release|x86
	EndGlobalSection
	GlobalSection(SolutionProperties) = preSolution
		HideSolutionNode = FALSE
	EndGlobalSection
EndGlobal
